// !$*UTF8*$!
{
	archiveVersion = 1;
	classes = {
	};
	objectVersion = 46;
	objects = {

/* Begin PBXBuildFile section */
		0B980FF31D63E652007E534E /* AppDelegate.swift in Sources */ = {isa = PBXBuildFile; fileRef = 0B980FF21D63E652007E534E /* AppDelegate.swift */; };
		0B980FF51D63E652007E534E /* ViewController.swift in Sources */ = {isa = PBXBuildFile; fileRef = 0B980FF41D63E652007E534E /* ViewController.swift */; };
		0B980FF81D63E652007E534E /* Main.storyboard in Resources */ = {isa = PBXBuildFile; fileRef = 0B980FF61D63E652007E534E /* Main.storyboard */; };
		0B980FFA1D63E652007E534E /* Assets.xcassets in Resources */ = {isa = PBXBuildFile; fileRef = 0B980FF91D63E652007E534E /* Assets.xcassets */; };
		0B980FFD1D63E652007E534E /* LaunchScreen.storyboard in Resources */ = {isa = PBXBuildFile; fileRef = 0B980FFB1D63E652007E534E /* LaunchScreen.storyboard */; };
		0B9810051D64AA89007E534E /* DescriptionVC.swift in Sources */ = {isa = PBXBuildFile; fileRef = 0B9810041D64AA89007E534E /* DescriptionVC.swift */; };
		0B9810071D64C6DC007E534E /* SelectParkVC.swift in Sources */ = {isa = PBXBuildFile; fileRef = 0B9810061D64C6DC007E534E /* SelectParkVC.swift */; };
		0B98100C1D64C911007E534E /* FindOutMoreButton.swift in Sources */ = {isa = PBXBuildFile; fileRef = 0B98100B1D64C911007E534E /* FindOutMoreButton.swift */; };
		0B98100F1D64F3A5007E534E /* Algonquin.swift in Sources */ = {isa = PBXBuildFile; fileRef = 0B98100E1D64F3A5007E534E /* Algonquin.swift */; };
		0BF5F61B1D65412A001C23F2 /* ParksStruct.swift in Sources */ = {isa = PBXBuildFile; fileRef = 0BF5F61A1D65412A001C23F2 /* ParksStruct.swift */; };
/* End PBXBuildFile section */

/* Begin PBXFileReference section */
		0B980FEF1D63E652007E534E /* ParksOfOntario.app */ = {isa = PBXFileReference; explicitFileType = wrapper.application; includeInIndex = 0; path = ParksOfOntario.app; sourceTree = BUILT_PRODUCTS_DIR; };
		0B980FF21D63E652007E534E /* AppDelegate.swift */ = {isa = PBXFileReference; lastKnownFileType = sourcecode.swift; path = AppDelegate.swift; sourceTree = "<group>"; };
		0B980FF41D63E652007E534E /* ViewController.swift */ = {isa = PBXFileReference; lastKnownFileType = sourcecode.swift; path = ViewController.swift; sourceTree = "<group>"; };
		0B980FF71D63E652007E534E /* Base */ = {isa = PBXFileReference; lastKnownFileType = file.storyboard; name = Base; path = Base.lproj/Main.storyboard; sourceTree = "<group>"; };
		0B980FF91D63E652007E534E /* Assets.xcassets */ = {isa = PBXFileReference; lastKnownFileType = folder.assetcatalog; path = Assets.xcassets; sourceTree = "<group>"; };
		0B980FFC1D63E652007E534E /* Base */ = {isa = PBXFileReference; lastKnownFileType = file.storyboard; name = Base; path = Base.lproj/LaunchScreen.storyboard; sourceTree = "<group>"; };
		0B980FFE1D63E652007E534E /* Info.plist */ = {isa = PBXFileReference; lastKnownFileType = text.plist.xml; path = Info.plist; sourceTree = "<group>"; };
		0B9810041D64AA89007E534E /* DescriptionVC.swift */ = {isa = PBXFileReference; fileEncoding = 4; lastKnownFileType = sourcecode.swift; path = DescriptionVC.swift; sourceTree = "<group>"; };
		0B9810061D64C6DC007E534E /* SelectParkVC.swift */ = {isa = PBXFileReference; fileEncoding = 4; lastKnownFileType = sourcecode.swift; name = SelectParkVC.swift; path = ../SelectParkVC.swift; sourceTree = "<group>"; };
		0B98100B1D64C911007E534E /* FindOutMoreButton.swift */ = {isa = PBXFileReference; fileEncoding = 4; lastKnownFileType = sourcecode.swift; path = FindOutMoreButton.swift; sourceTree = "<group>"; };
		0B98100E1D64F3A5007E534E /* Algonquin.swift */ = {isa = PBXFileReference; fileEncoding = 4; lastKnownFileType = sourcecode.swift; path = Algonquin.swift; sourceTree = "<group>"; };
		0BF5F61A1D65412A001C23F2 /* ParksStruct.swift */ = {isa = PBXFileReference; fileEncoding = 4; lastKnownFileType = sourcecode.swift; path = ParksStruct.swift; sourceTree = "<group>"; };
/* End PBXFileReference section */

/* Begin PBXFrameworksBuildPhase section */
		0B980FEC1D63E652007E534E /* Frameworks */ = {
			isa = PBXFrameworksBuildPhase;
			buildActionMask = 2147483647;
			files = (
			);
			runOnlyForDeploymentPostprocessing = 0;
		};
/* End PBXFrameworksBuildPhase section */

/* Begin PBXGroup section */
		0B980FE61D63E652007E534E = {
			isa = PBXGroup;
			children = (
				0B980FF11D63E652007E534E /* favourite-places */,
				0B980FF01D63E652007E534E /* Products */,
			);
			sourceTree = "<group>";
		};
		0B980FF01D63E652007E534E /* Products */ = {
			isa = PBXGroup;
			children = (
				0B980FEF1D63E652007E534E /* ParksOfOntario.app */,
			);
			name = Products;
			sourceTree = "<group>";
		};
		0B980FF11D63E652007E534E /* favourite-places */ = {
			isa = PBXGroup;
			children = (
				0B98100A1D64C6F8007E534E /* Controller */,
				0B9810091D64C6F3007E534E /* View */,
				0B9810081D64C6E8007E534E /* Model */,
				0B980FF21D63E652007E534E /* AppDelegate.swift */,
				0B980FF91D63E652007E534E /* Assets.xcassets */,
				0B980FFB1D63E652007E534E /* LaunchScreen.storyboard */,
				0B980FFE1D63E652007E534E /* Info.plist */,
			);
			path = "favourite-places";
			sourceTree = "<group>";
		};
		0B9810081D64C6E8007E534E /* Model */ = {
			isa = PBXGroup;
			children = (
				0BF5F61A1D65412A001C23F2 /* ParksStruct.swift */,
				0B98100E1D64F3A5007E534E /* Algonquin.swift */,
				0B98100B1D64C911007E534E /* FindOutMoreButton.swift */,
			);
			name = Model;
			sourceTree = "<group>";
		};
		0B9810091D64C6F3007E534E /* View */ = {
			isa = PBXGroup;
			children = (
				0B980FF61D63E652007E534E /* Main.storyboard */,
			);
			name = View;
			sourceTree = "<group>";
		};
		0B98100A1D64C6F8007E534E /* Controller */ = {
			isa = PBXGroup;
			children = (
				0B9810061D64C6DC007E534E /* SelectParkVC.swift */,
				0B980FF41D63E652007E534E /* ViewController.swift */,
				0B9810041D64AA89007E534E /* DescriptionVC.swift */,
			);
			name = Controller;
			sourceTree = "<group>";
		};
/* End PBXGroup section */

/* Begin PBXNativeTarget section */
		0B980FEE1D63E652007E534E /* ParksOfOntario */ = {
			isa = PBXNativeTarget;
			buildConfigurationList = 0B9810011D63E652007E534E /* Build configuration list for PBXNativeTarget "ParksOfOntario" */;
			buildPhases = (
				0B980FEB1D63E652007E534E /* Sources */,
				0B980FEC1D63E652007E534E /* Frameworks */,
				0B980FED1D63E652007E534E /* Resources */,
			);
			buildRules = (
			);
			dependencies = (
			);
			name = ParksOfOntario;
			productName = "favourite-places";
			productReference = 0B980FEF1D63E652007E534E /* ParksOfOntario.app */;
			productType = "com.apple.product-type.application";
		};
/* End PBXNativeTarget section */

/* Begin PBXProject section */
		0B980FE71D63E652007E534E /* Project object */ = {
			isa = PBXProject;
			attributes = {
				LastSwiftUpdateCheck = 0730;
				LastUpgradeCheck = 0730;
				ORGANIZATIONNAME = "ACME Labs";
				TargetAttributes = {
					0B980FEE1D63E652007E534E = {
						CreatedOnToolsVersion = 7.3;
					};
				};
			};
			buildConfigurationList = 0B980FEA1D63E652007E534E /* Build configuration list for PBXProject "ParksOfOntario" */;
			compatibilityVersion = "Xcode 3.2";
			developmentRegion = English;
			hasScannedForEncodings = 0;
			knownRegions = (
				en,
				Base,
			);
			mainGroup = 0B980FE61D63E652007E534E;
			productRefGroup = 0B980FF01D63E652007E534E /* Products */;
			projectDirPath = "";
			projectRoot = "";
			targets = (
				0B980FEE1D63E652007E534E /* ParksOfOntario */,
			);
		};
/* End PBXProject section */

/* Begin PBXResourcesBuildPhase section */
		0B980FED1D63E652007E534E /* Resources */ = {
			isa = PBXResourcesBuildPhase;
			buildActionMask = 2147483647;
			files = (
				0B980FFD1D63E652007E534E /* LaunchScreen.storyboard in Resources */,
				0B980FFA1D63E652007E534E /* Assets.xcassets in Resources */,
				0B980FF81D63E652007E534E /* Main.storyboard in Resources */,
			);
			runOnlyForDeploymentPostprocessing = 0;
		};
/* End PBXResourcesBuildPhase section */

/* Begin PBXSourcesBuildPhase section */
		0B980FEB1D63E652007E534E /* Sources */ = {
			isa = PBXSourcesBuildPhase;
			buildActionMask = 2147483647;
			files = (
				0B9810071D64C6DC007E534E /* SelectParkVC.swift in Sources */,
				0B98100C1D64C911007E534E /* FindOutMoreButton.swift in Sources */,
				0BF5F61B1D65412A001C23F2 /* ParksStruct.swift in Sources */,
				0B98100F1D64F3A5007E534E /* Algonquin.swift in Sources */,
				0B980FF51D63E652007E534E /* ViewController.swift in Sources */,
				0B9810051D64AA89007E534E /* DescriptionVC.swift in Sources */,
				0B980FF31D63E652007E534E /* AppDelegate.swift in Sources */,
			);
			runOnlyForDeploymentPostprocessing = 0;
		};
/* End PBXSourcesBuildPhase section */

/* Begin PBXVariantGroup section */
		0B980FF61D63E652007E534E /* Main.storyboard */ = {
			isa = PBXVariantGroup;
			children = (
				0B980FF71D63E652007E534E /* Base */,
			);
			name = Main.storyboard;
			sourceTree = "<group>";
		};
		0B980FFB1D63E652007E534E /* LaunchScreen.storyboard */ = {
			isa = PBXVariantGroup;
			children = (
				0B980FFC1D63E652007E534E /* Base */,
			);
			name = LaunchScreen.storyboard;
			sourceTree = "<group>";
		};
/* End PBXVariantGroup section */

/* Begin XCBuildConfiguration section */
		0B980FFF1D63E652007E534E /* Debug */ = {
			isa = XCBuildConfiguration;
			buildSettings = {
				ALWAYS_SEARCH_USER_PATHS = NO;
				CLANG_ANALYZER_NONNULL = YES;
				CLANG_CXX_LANGUAGE_STANDARD = "gnu++0x";
				CLANG_CXX_LIBRARY = "libc++";
				CLANG_ENABLE_MODULES = YES;
				CLANG_ENABLE_OBJC_ARC = YES;
				CLANG_WARN_BOOL_CONVERSION = YES;
				CLANG_WARN_CONSTANT_CONVERSION = YES;
				CLANG_WARN_DIRECT_OBJC_ISA_USAGE = YES_ERROR;
				CLANG_WARN_EMPTY_BODY = YES;
				CLANG_WARN_ENUM_CONVERSION = YES;
				CLANG_WARN_INT_CONVERSION = YES;
				CLANG_WARN_OBJC_ROOT_CLASS = YES_ERROR;
				CLANG_WARN_UNREACHABLE_CODE = YES;
				CLANG_WARN__DUPLICATE_METHOD_MATCH = YES;
				"CODE_SIGN_IDENTITY[sdk=iphoneos*]" = "iPhone Developer";
				COPY_PHASE_STRIP = NO;
				DEBUG_INFORMATION_FORMAT = dwarf;
				ENABLE_STRICT_OBJC_MSGSEND = YES;
				ENABLE_TESTABILITY = YES;
				GCC_C_LANGUAGE_STANDARD = gnu99;
				GCC_DYNAMIC_NO_PIC = NO;
				GCC_NO_COMMON_BLOCKS = YES;
				GCC_OPTIMIZATION_LEVEL = 0;
				GCC_PREPROCESSOR_DEFINITIONS = (
					"DEBUG=1",
					"$(inherited)",
				);
				GCC_WARN_64_TO_32_BIT_CONVERSION = YES;
				GCC_WARN_ABOUT_RETURN_TYPE = YES_ERROR;
				GCC_WARN_UNDECLARED_SELECTOR = YES;
				GCC_WARN_UNINITIALIZED_AUTOS = YES_AGGRESSIVE;
				GCC_WARN_UNUSED_FUNCTION = YES;
				GCC_WARN_UNUSED_VARIABLE = YES;
				IPHONEOS_DEPLOYMENT_TARGET = 9.3;
				MTL_ENABLE_DEBUG_INFO = YES;
				ONLY_ACTIVE_ARCH = YES;
				SDKROOT = iphoneos;
				SWIFT_OPTIMIZATION_LEVEL = "-Onone";
				TARGETED_DEVICE_FAMILY = "1,2";
			};
			name = Debug;
		};
		0B9810001D63E652007E534E /* Release */ = {
			isa = XCBuildConfiguration;
			buildSettings = {
				ALWAYS_SEARCH_USER_PATHS = NO;
				CLANG_ANALYZER_NONNULL = YES;
				CLANG_CXX_LANGUAGE_STANDARD = "gnu++0x";
				CLANG_CXX_LIBRARY = "libc++";
				CLANG_ENABLE_MODULES = YES;
				CLANG_ENABLE_OBJC_ARC = YES;
				CLANG_WARN_BOOL_CONVERSION = YES;
				CLANG_WARN_CONSTANT_CONVERSION = YES;
				CLANG_WARN_DIRECT_OBJC_ISA_USAGE = YES_ERROR;
				CLANG_WARN_EMPTY_BODY = YES;
				CLANG_WARN_ENUM_CONVERSION = YES;
				CLANG_WARN_INT_CONVERSION = YES;
				CLANG_WARN_OBJC_ROOT_CLASS = YES_ERROR;
				CLANG_WARN_UNREACHABLE_CODE = YES;
				CLANG_WARN__DUPLICATE_METHOD_MATCH = YES;
				"CODE_SIGN_IDENTITY[sdk=iphoneos*]" = "iPhone Developer";
				COPY_PHASE_STRIP = NO;
				DEBUG_INFORMATION_FORMAT = "dwarf-with-dsym";
				ENABLE_NS_ASSERTIONS = NO;
				ENABLE_STRICT_OBJC_MSGSEND = YES;
				GCC_C_LANGUAGE_STANDARD = gnu99;
				GCC_NO_COMMON_BLOCKS = YES;
				GCC_WARN_64_TO_32_BIT_CONVERSION = YES;
				GCC_WARN_ABOUT_RETURN_TYPE = YES_ERROR;
				GCC_WARN_UNDECLARED_SELECTOR = YES;
				GCC_WARN_UNINITIALIZED_AUTOS = YES_AGGRESSIVE;
				GCC_WARN_UNUSED_FUNCTION = YES;
				GCC_WARN_UNUSED_VARIABLE = YES;
				IPHONEOS_DEPLOYMENT_TARGET = 9.3;
				MTL_ENABLE_DEBUG_INFO = NO;
				SDKROOT = iphoneos;
				TARGETED_DEVICE_FAMILY = "1,2";
				VALIDATE_PRODUCT = YES;
			};
			name = Release;
		};
		0B9810021D63E652007E534E /* Debug */ = {
			isa = XCBuildConfiguration;
			buildSettings = {
				ASSETCATALOG_COMPILER_APPICON_NAME = AppIcon;
				INFOPLIST_FILE = "favourite-places/Info.plist";
				LD_RUNPATH_SEARCH_PATHS = "$(inherited) @executable_path/Frameworks";
				PRODUCT_BUNDLE_IDENTIFIER = "com.acmelabs.favourite-places";
				PRODUCT_NAME = ParksOfOntario;
				TARGETED_DEVICE_FAMILY = 1;
			};
			name = Debug;
		};
		0B9810031D63E652007E534E /* Release */ = {
			isa = XCBuildConfiguration;
			buildSettings = {
				ASSETCATALOG_COMPILER_APPICON_NAME = AppIcon;
				INFOPLIST_FILE = "favourite-places/Info.plist";
				LD_RUNPATH_SEARCH_PATHS = "$(inherited) @executable_path/Frameworks";
				PRODUCT_BUNDLE_IDENTIFIER = "com.acmelabs.favourite-places";
				PRODUCT_NAME = ParksOfOntario;
				TARGETED_DEVICE_FAMILY = 1;
			};
			name = Release;
		};
/* End XCBuildConfiguration section */

/* Begin XCConfigurationList section */
		0B980FEA1D63E652007E534E /* Build configuration list for PBXProject "ParksOfOntario" */ = {
			isa = XCConfigurationList;
			buildConfigurations = (
				0B980FFF1D63E652007E534E /* Debug */,
				0B9810001D63E652007E534E /* Release */,
			);
			defaultConfigurationIsVisible = 0;
			defaultConfigurationName = Release;
		};
		0B9810011D63E652007E534E /* Build configuration list for PBXNativeTarget "ParksOfOntario" */ = {
			isa = XCConfigurationList;
			buildConfigurations = (
				0B9810021D63E652007E534E /* Debug */,
				0B9810031D63E652007E534E /* Release */,
			);
			defaultConfigurationIsVisible = 0;
			defaultConfigurationName = Release;
		};
/* End XCConfigurationList section */
	};
	rootObject = 0B980FE71D63E652007E534E /* Project object */;
}
