// !$*UTF8*$!
{
	archiveVersion = 1;
	classes = {
	};
	objectVersion = 46;
	objects = {

/* Begin PBXBuildFile section */
		0B343D991D6B7F9300099779 /* abbreviations.swift in Sources */ = {isa = PBXBuildFile; fileRef = 0B343D981D6B7F9300099779 /* abbreviations.swift */; };
		0B343D9B1D6B7FFA00099779 /* ParksList.swift in Sources */ = {isa = PBXBuildFile; fileRef = 0B343D9A1D6B7FFA00099779 /* ParksList.swift */; };
		0B343D9D1D6B803500099779 /* Aaron.swift in Sources */ = {isa = PBXBuildFile; fileRef = 0B343D9C1D6B803500099779 /* Aaron.swift */; };
		0B343D9F1D6B80DB00099779 /* Algonquin.swift in Sources */ = {isa = PBXBuildFile; fileRef = 0B343D9E1D6B80DB00099779 /* Algonquin.swift */; };
		0B343DA11D6B80EE00099779 /* Arrowhead.swift in Sources */ = {isa = PBXBuildFile; fileRef = 0B343DA01D6B80EE00099779 /* Arrowhead.swift */; };
		0B343DA31D6B81D100099779 /* Awenda.swift in Sources */ = {isa = PBXBuildFile; fileRef = 0B343DA21D6B81D100099779 /* Awenda.swift */; };
		0B343DA51D6B821600099779 /* Balsam.swift in Sources */ = {isa = PBXBuildFile; fileRef = 0B343DA41D6B821600099779 /* Balsam.swift */; };
		0B343DA71D6B828700099779 /* Bass.swift in Sources */ = {isa = PBXBuildFile; fileRef = 0B343DA61D6B828700099779 /* Bass.swift */; };
		0B343DA91D6B82B500099779 /* Batchawana.swift in Sources */ = {isa = PBXBuildFile; fileRef = 0B343DA81D6B82B500099779 /* Batchawana.swift */; };
		0B343DAB1D6B82CA00099779 /* Biscotasi.swift in Sources */ = {isa = PBXBuildFile; fileRef = 0B343DAA1D6B82CA00099779 /* Biscotasi.swift */; };
		0B343DAD1D6B82FD00099779 /* Blue.swift in Sources */ = {isa = PBXBuildFile; fileRef = 0B343DAC1D6B82FD00099779 /* Blue.swift */; };
		0B343DAF1D6B832800099779 /* BonEcho.swift in Sources */ = {isa = PBXBuildFile; fileRef = 0B343DAE1D6B832800099779 /* BonEcho.swift */; };
		0B343DB11D6B929600099779 /* Bonnechere.swift in Sources */ = {isa = PBXBuildFile; fileRef = 0B343DB01D6B929600099779 /* Bonnechere.swift */; };
		0B343DB31D6B92B800099779 /* BronteCreek.swift in Sources */ = {isa = PBXBuildFile; fileRef = 0B343DB21D6B92B800099779 /* BronteCreek.swift */; };
		0B343DB51D6B92CB00099779 /* Caliper.swift in Sources */ = {isa = PBXBuildFile; fileRef = 0B343DB41D6B92CB00099779 /* Caliper.swift */; };
		0B343DB71D6B92DB00099779 /* Charleston.swift in Sources */ = {isa = PBXBuildFile; fileRef = 0B343DB61D6B92DB00099779 /* Charleston.swift */; };
		0B343DB91D6B930900099779 /* Chutes.swift in Sources */ = {isa = PBXBuildFile; fileRef = 0B343DB81D6B930900099779 /* Chutes.swift */; };
		0B343DBB1D6B931900099779 /* Craigleith.swift in Sources */ = {isa = PBXBuildFile; fileRef = 0B343DBA1D6B931900099779 /* Craigleith.swift */; };
		0B343DBD1D6B933200099779 /* Darlington.swift in Sources */ = {isa = PBXBuildFile; fileRef = 0B343DBC1D6B933200099779 /* Darlington.swift */; };
		0B343DBF1D6B934400099779 /* Driftwood.swift in Sources */ = {isa = PBXBuildFile; fileRef = 0B343DBE1D6B934400099779 /* Driftwood.swift */; };
		0B343DC11D6B935400099779 /* EarlRowe.swift in Sources */ = {isa = PBXBuildFile; fileRef = 0B343DC01D6B935400099779 /* EarlRowe.swift */; };
		0B343DC31D6B937100099779 /* Emily.swift in Sources */ = {isa = PBXBuildFile; fileRef = 0B343DC21D6B937100099779 /* Emily.swift */; };
		0B343DC51D6B938000099779 /* Esker.swift in Sources */ = {isa = PBXBuildFile; fileRef = 0B343DC41D6B938000099779 /* Esker.swift */; };
		0B343DC71D6B93AE00099779 /* Fairbank.swift in Sources */ = {isa = PBXBuildFile; fileRef = 0B343DC61D6B93AE00099779 /* Fairbank.swift */; };
		0B343DC91D6B93C200099779 /* Ferris.swift in Sources */ = {isa = PBXBuildFile; fileRef = 0B343DC81D6B93C200099779 /* Ferris.swift */; };
		0B343DCB1D6B93D000099779 /* Finlayson.swift in Sources */ = {isa = PBXBuildFile; fileRef = 0B343DCA1D6B93D000099779 /* Finlayson.swift */; };
		0B343DCD1D6B93DD00099779 /* Fitzroy.swift in Sources */ = {isa = PBXBuildFile; fileRef = 0B343DCC1D6B93DD00099779 /* Fitzroy.swift */; };
		0B343DCF1D6B940600099779 /* Forks.swift in Sources */ = {isa = PBXBuildFile; fileRef = 0B343DCE1D6B940600099779 /* Forks.swift */; };
		0B343DD11D6B941300099779 /* French.swift in Sources */ = {isa = PBXBuildFile; fileRef = 0B343DD01D6B941300099779 /* French.swift */; };
		0B343DD31D6B942400099779 /* Frontenac.swift in Sources */ = {isa = PBXBuildFile; fileRef = 0B343DD21D6B942400099779 /* Frontenac.swift */; };
		0B343DD51D6B943B00099779 /* Fushimi.swift in Sources */ = {isa = PBXBuildFile; fileRef = 0B343DD41D6B943B00099779 /* Fushimi.swift */; };
		0B343DD71D6B944C00099779 /* Grundy.swift in Sources */ = {isa = PBXBuildFile; fileRef = 0B343DD61D6B944C00099779 /* Grundy.swift */; };
		0B343DD91D6B945C00099779 /* Halfway.swift in Sources */ = {isa = PBXBuildFile; fileRef = 0B343DD81D6B945C00099779 /* Halfway.swift */; };
		0B343DDB1D6B947100099779 /* Inverhuron.swift in Sources */ = {isa = PBXBuildFile; fileRef = 0B343DDA1D6B947100099779 /* Inverhuron.swift */; };
		0B343DDD1D6B947F00099779 /* Inavhoe.swift in Sources */ = {isa = PBXBuildFile; fileRef = 0B343DDC1D6B947F00099779 /* Inavhoe.swift */; };
		0B343DDF1D6B949100099779 /* John.swift in Sources */ = {isa = PBXBuildFile; fileRef = 0B343DDE1D6B949100099779 /* John.swift */; };
		0B343DE11D6B94BC00099779 /* Kakabeka.swift in Sources */ = {isa = PBXBuildFile; fileRef = 0B343DE01D6B94BC00099779 /* Kakabeka.swift */; };
		0B343DE31D6B94CB00099779 /* KapKigIwan.swift in Sources */ = {isa = PBXBuildFile; fileRef = 0B343DE21D6B94CB00099779 /* KapKigIwan.swift */; };
		0B343DE51D6B94E000099779 /* Kawartha.swift in Sources */ = {isa = PBXBuildFile; fileRef = 0B343DE41D6B94E000099779 /* Kawartha.swift */; };
		0B343DE71D6B94F000099779 /* Kettle.swift in Sources */ = {isa = PBXBuildFile; fileRef = 0B343DE61D6B94F000099779 /* Kettle.swift */; };
		0B343DE91D6B94FD00099779 /* Killarney.swift in Sources */ = {isa = PBXBuildFile; fileRef = 0B343DE81D6B94FD00099779 /* Killarney.swift */; };
		0B343DEB1D6B951E00099779 /* Killbear.swift in Sources */ = {isa = PBXBuildFile; fileRef = 0B343DEA1D6B951E00099779 /* Killbear.swift */; };
		0B343DED1D6B952E00099779 /* Komoka.swift in Sources */ = {isa = PBXBuildFile; fileRef = 0B343DEC1D6B952E00099779 /* Komoka.swift */; };
		0B343DEF1D6B953900099779 /* Lady.swift in Sources */ = {isa = PBXBuildFile; fileRef = 0B343DEE1D6B953900099779 /* Lady.swift */; };
		0B343DF11D6B954900099779 /* Mountain.swift in Sources */ = {isa = PBXBuildFile; fileRef = 0B343DF01D6B954900099779 /* Mountain.swift */; };
		0B343DF31D6B955600099779 /* Peter.swift in Sources */ = {isa = PBXBuildFile; fileRef = 0B343DF21D6B955600099779 /* Peter.swift */; };
		0B343DF51D6B956600099779 /* Superior.swift in Sources */ = {isa = PBXBuildFile; fileRef = 0B343DF41D6B956600099779 /* Superior.swift */; };
		0B343DF71D6B957A00099779 /* Long.swift in Sources */ = {isa = PBXBuildFile; fileRef = 0B343DF61D6B957A00099779 /* Long.swift */; };
		0B343DF91D6B958800099779 /* MacGregor.swift in Sources */ = {isa = PBXBuildFile; fileRef = 0B343DF81D6B958800099779 /* MacGregor.swift */; };
		0B343DFB1D6B959900099779 /* MacLeod.swift in Sources */ = {isa = PBXBuildFile; fileRef = 0B343DFA1D6B959900099779 /* MacLeod.swift */; };
		0B343DFD1D6B95A800099779 /* Makobe.swift in Sources */ = {isa = PBXBuildFile; fileRef = 0B343DFC1D6B95A800099779 /* Makobe.swift */; };
		0B343DFF1D6B95B600099779 /* Mara.swift in Sources */ = {isa = PBXBuildFile; fileRef = 0B343DFE1D6B95B600099779 /* Mara.swift */; };
		0B343E011D6B95C600099779 /* Mark.swift in Sources */ = {isa = PBXBuildFile; fileRef = 0B343E001D6B95C600099779 /* Mark.swift */; };
		0B343E031D6B95D600099779 /* Marten.swift in Sources */ = {isa = PBXBuildFile; fileRef = 0B343E021D6B95D600099779 /* Marten.swift */; };
		0B343E051D6B95E300099779 /* McRae.swift in Sources */ = {isa = PBXBuildFile; fileRef = 0B343E041D6B95E300099779 /* McRae.swift */; };
		0B343E071D6B95F100099779 /* Mikisew.swift in Sources */ = {isa = PBXBuildFile; fileRef = 0B343E061D6B95F100099779 /* Mikisew.swift */; };
		0B343E091D6B95FD00099779 /* Misery.swift in Sources */ = {isa = PBXBuildFile; fileRef = 0B343E081D6B95FD00099779 /* Misery.swift */; };
		0B343E0B1D6B961000099779 /* Missinaibi.swift in Sources */ = {isa = PBXBuildFile; fileRef = 0B343E0A1D6B961000099779 /* Missinaibi.swift */; };
		0B343E0D1D6B962100099779 /* Mississagi.swift in Sources */ = {isa = PBXBuildFile; fileRef = 0B343E0C1D6B962100099779 /* Mississagi.swift */; };
		0B343E0F1D6B962C00099779 /* Mono.swift in Sources */ = {isa = PBXBuildFile; fileRef = 0B343E0E1D6B962C00099779 /* Mono.swift */; };
		0B343E111D6B963A00099779 /* Murphy.swift in Sources */ = {isa = PBXBuildFile; fileRef = 0B343E101D6B963A00099779 /* Murphy.swift */; };
		0B343E131D6B964B00099779 /* Nagamisis.swift in Sources */ = {isa = PBXBuildFile; fileRef = 0B343E121D6B964B00099779 /* Nagamisis.swift */; };
		0B343E151D6B966500099779 /* Neys.swift in Sources */ = {isa = PBXBuildFile; fileRef = 0B343E141D6B966500099779 /* Neys.swift */; };
		0B343E171D6B967100099779 /* North.swift in Sources */ = {isa = PBXBuildFile; fileRef = 0B343E161D6B967100099779 /* North.swift */; };
		0B343E191D6B968000099779 /* Oastler.swift in Sources */ = {isa = PBXBuildFile; fileRef = 0B343E181D6B968000099779 /* Oastler.swift */; };
		0B343E1B1D6B968D00099779 /* Obabika.swift in Sources */ = {isa = PBXBuildFile; fileRef = 0B343E1A1D6B968D00099779 /* Obabika.swift */; };
		0B343E1D1D6B969A00099779 /* Ojibway.swift in Sources */ = {isa = PBXBuildFile; fileRef = 0B343E1C1D6B969A00099779 /* Ojibway.swift */; };
		0B343E1F1D6B96A900099779 /* Ouimet.swift in Sources */ = {isa = PBXBuildFile; fileRef = 0B343E1E1D6B96A900099779 /* Ouimet.swift */; };
		0B343E211D6B96B700099779 /* Oxtongue.swift in Sources */ = {isa = PBXBuildFile; fileRef = 0B343E201D6B96B700099779 /* Oxtongue.swift */; };
		0B343E231D6B96C800099779 /* Pakwash.swift in Sources */ = {isa = PBXBuildFile; fileRef = 0B343E221D6B96C800099779 /* Pakwash.swift */; };
		0B343E251D6B96D600099779 /* Pancake.swift in Sources */ = {isa = PBXBuildFile; fileRef = 0B343E241D6B96D600099779 /* Pancake.swift */; };
		0B343E271D6B96E700099779 /* Petroglyphs.swift in Sources */ = {isa = PBXBuildFile; fileRef = 0B343E261D6B96E700099779 /* Petroglyphs.swift */; };
		0B343E291D6B96FD00099779 /* Pigeon.swift in Sources */ = {isa = PBXBuildFile; fileRef = 0B343E281D6B96FD00099779 /* Pigeon.swift */; };
		0B343E2B1D6B970C00099779 /* Point.swift in Sources */ = {isa = PBXBuildFile; fileRef = 0B343E2A1D6B970C00099779 /* Point.swift */; };
		0B343E2D1D6B971800099779 /* Bruce.swift in Sources */ = {isa = PBXBuildFile; fileRef = 0B343E2C1D6B971800099779 /* Bruce.swift */; };
		0B343E2F1D6B972800099779 /* Burwell.swift in Sources */ = {isa = PBXBuildFile; fileRef = 0B343E2E1D6B972800099779 /* Burwell.swift */; };
		0B343E311D6B973600099779 /* Potholes.swift in Sources */ = {isa = PBXBuildFile; fileRef = 0B343E301D6B973600099779 /* Potholes.swift */; };
		0B343E331D6B974400099779 /* Presqu.swift in Sources */ = {isa = PBXBuildFile; fileRef = 0B343E321D6B974400099779 /* Presqu.swift */; };
		0B343E351D6B975300099779 /* Quetico.swift in Sources */ = {isa = PBXBuildFile; fileRef = 0B343E341D6B975300099779 /* Quetico.swift */; };
		0B343E371D6B976300099779 /* Rainbow.swift in Sources */ = {isa = PBXBuildFile; fileRef = 0B343E361D6B976300099779 /* Rainbow.swift */; };
		0B343E391D6B977100099779 /* Rene.swift in Sources */ = {isa = PBXBuildFile; fileRef = 0B343E381D6B977100099779 /* Rene.swift */; };
		0B343E3B1D6B977F00099779 /* Restoule.swift in Sources */ = {isa = PBXBuildFile; fileRef = 0B343E3A1D6B977F00099779 /* Restoule.swift */; };
		0B343E3D1D6B978F00099779 /* Rideau.swift in Sources */ = {isa = PBXBuildFile; fileRef = 0B343E3C1D6B978F00099779 /* Rideau.swift */; };
		0B343E3F1D6B979C00099779 /* Rock.swift in Sources */ = {isa = PBXBuildFile; fileRef = 0B343E3E1D6B979C00099779 /* Rock.swift */; };
		0B343E411D6B97A900099779 /* Rondeau.swift in Sources */ = {isa = PBXBuildFile; fileRef = 0B343E401D6B97A900099779 /* Rondeau.swift */; };
		0B343E431D6B97B700099779 /* Rushing.swift in Sources */ = {isa = PBXBuildFile; fileRef = 0B343E421D6B97B700099779 /* Rushing.swift */; };
		0B343E451D6B97C700099779 /* Samuel.swift in Sources */ = {isa = PBXBuildFile; fileRef = 0B343E441D6B97C700099779 /* Samuel.swift */; };
		0B343E471D6B97D900099779 /* Sandbanks.swift in Sources */ = {isa = PBXBuildFile; fileRef = 0B343E461D6B97D900099779 /* Sandbanks.swift */; };
		0B343E491D6B97E500099779 /* Sandbar.swift in Sources */ = {isa = PBXBuildFile; fileRef = 0B343E481D6B97E500099779 /* Sandbar.swift */; };
		0B343E4B1D6B97EF00099779 /* Sauble.swift in Sources */ = {isa = PBXBuildFile; fileRef = 0B343E4A1D6B97EF00099779 /* Sauble.swift */; };
		0B343E4D1D6B97FE00099779 /* Selkirk.swift in Sources */ = {isa = PBXBuildFile; fileRef = 0B343E4C1D6B97FE00099779 /* Selkirk.swift */; };
		0B343E4F1D6B980A00099779 /* Sharbot.swift in Sources */ = {isa = PBXBuildFile; fileRef = 0B343E4E1D6B980A00099779 /* Sharbot.swift */; };
		0B343E511D6B981700099779 /* Sibbald.swift in Sources */ = {isa = PBXBuildFile; fileRef = 0B343E501D6B981700099779 /* Sibbald.swift */; };
		0B343E531D6B982500099779 /* Silent.swift in Sources */ = {isa = PBXBuildFile; fileRef = 0B343E521D6B982500099779 /* Silent.swift */; };
		0B343E551D6B983200099779 /* Silver.swift in Sources */ = {isa = PBXBuildFile; fileRef = 0B343E541D6B983200099779 /* Silver.swift */; };
		0B343E571D6B984000099779 /* Sioux.swift in Sources */ = {isa = PBXBuildFile; fileRef = 0B343E561D6B984000099779 /* Sioux.swift */; };
		0B343E591D6B984E00099779 /* Six.swift in Sources */ = {isa = PBXBuildFile; fileRef = 0B343E581D6B984E00099779 /* Six.swift */; };
		0B343E5B1D6B985A00099779 /* Sleeping.swift in Sources */ = {isa = PBXBuildFile; fileRef = 0B343E5A1D6B985A00099779 /* Sleeping.swift */; };
		0B343E5D1D6B986800099779 /* Solace.swift in Sources */ = {isa = PBXBuildFile; fileRef = 0B343E5C1D6B986800099779 /* Solace.swift */; };
		0B343E5F1D6B987600099779 /* Spanish.swift in Sources */ = {isa = PBXBuildFile; fileRef = 0B343E5E1D6B987600099779 /* Spanish.swift */; };
		0B343E611D6B988300099779 /* Springwater.swift in Sources */ = {isa = PBXBuildFile; fileRef = 0B343E601D6B988300099779 /* Springwater.swift */; };
		0B343E631D6B989300099779 /* SturgeonBay.swift in Sources */ = {isa = PBXBuildFile; fileRef = 0B343E621D6B989300099779 /* SturgeonBay.swift */; };
		0B343E651D6B989F00099779 /* SturgeonRiver.swift in Sources */ = {isa = PBXBuildFile; fileRef = 0B343E641D6B989F00099779 /* SturgeonRiver.swift */; };
		0B343E671D6B98AE00099779 /* Massasauga.swift in Sources */ = {isa = PBXBuildFile; fileRef = 0B343E661D6B98AE00099779 /* Massasauga.swift */; };
		0B343E691D6B98E100099779 /* Pinery.swift in Sources */ = {isa = PBXBuildFile; fileRef = 0B343E681D6B98E100099779 /* Pinery.swift */; };
		0B343E6B1D6B98EF00099779 /* Tidewater.swift in Sources */ = {isa = PBXBuildFile; fileRef = 0B343E6A1D6B98EF00099779 /* Tidewater.swift */; };
		0B343E6D1D6B98FB00099779 /* Turkey.swift in Sources */ = {isa = PBXBuildFile; fileRef = 0B343E6C1D6B98FB00099779 /* Turkey.swift */; };
		0B343E6F1D6B990900099779 /* Voyageur.swift in Sources */ = {isa = PBXBuildFile; fileRef = 0B343E6E1D6B990900099779 /* Voyageur.swift */; };
		0B343E711D6B991800099779 /* Wabakimi.swift in Sources */ = {isa = PBXBuildFile; fileRef = 0B343E701D6B991800099779 /* Wabakimi.swift */; };
		0B343E731D6B993200099779 /* Wakami.swift in Sources */ = {isa = PBXBuildFile; fileRef = 0B343E721D6B993200099779 /* Wakami.swift */; };
		0B343E751D6B993E00099779 /* Wasaga.swift in Sources */ = {isa = PBXBuildFile; fileRef = 0B343E741D6B993E00099779 /* Wasaga.swift */; };
		0B343E771D6B994A00099779 /* Wheatley.swift in Sources */ = {isa = PBXBuildFile; fileRef = 0B343E761D6B994A00099779 /* Wheatley.swift */; };
		0B343E791D6B995600099779 /* White.swift in Sources */ = {isa = PBXBuildFile; fileRef = 0B343E781D6B995600099779 /* White.swift */; };
		0B343E7B1D6B996300099779 /* Windy.swift in Sources */ = {isa = PBXBuildFile; fileRef = 0B343E7A1D6B996300099779 /* Windy.swift */; };
		0B343E7D1D6B996F00099779 /* Woodland.swift in Sources */ = {isa = PBXBuildFile; fileRef = 0B343E7C1D6B996F00099779 /* Woodland.swift */; };
		0B6709391D6A953700058AFC /* DescriptionTableViewCell.swift in Sources */ = {isa = PBXBuildFile; fileRef = 0B6709381D6A953700058AFC /* DescriptionTableViewCell.swift */; };
		0B980FF31D63E652007E534E /* AppDelegate.swift in Sources */ = {isa = PBXBuildFile; fileRef = 0B980FF21D63E652007E534E /* AppDelegate.swift */; };
		0B980FF51D63E652007E534E /* ViewController.swift in Sources */ = {isa = PBXBuildFile; fileRef = 0B980FF41D63E652007E534E /* ViewController.swift */; };
		0B980FF81D63E652007E534E /* Main.storyboard in Resources */ = {isa = PBXBuildFile; fileRef = 0B980FF61D63E652007E534E /* Main.storyboard */; };
		0B980FFA1D63E652007E534E /* Assets.xcassets in Resources */ = {isa = PBXBuildFile; fileRef = 0B980FF91D63E652007E534E /* Assets.xcassets */; };
		0B980FFD1D63E652007E534E /* LaunchScreen.storyboard in Resources */ = {isa = PBXBuildFile; fileRef = 0B980FFB1D63E652007E534E /* LaunchScreen.storyboard */; };
		0B9810051D64AA89007E534E /* DescriptionVC.swift in Sources */ = {isa = PBXBuildFile; fileRef = 0B9810041D64AA89007E534E /* DescriptionVC.swift */; };
		0B9810071D64C6DC007E534E /* SelectParkVC.swift in Sources */ = {isa = PBXBuildFile; fileRef = 0B9810061D64C6DC007E534E /* SelectParkVC.swift */; };
		0B98100C1D64C911007E534E /* FindOutMoreButton.swift in Sources */ = {isa = PBXBuildFile; fileRef = 0B98100B1D64C911007E534E /* FindOutMoreButton.swift */; };
		0BCC949C1D6563FA009541B0 /* AboutScreenVC.swift in Sources */ = {isa = PBXBuildFile; fileRef = 0BCC949B1D6563FA009541B0 /* AboutScreenVC.swift */; };
		0BF5F61B1D65412A001C23F2 /* ParksStruct.swift in Sources */ = {isa = PBXBuildFile; fileRef = 0BF5F61A1D65412A001C23F2 /* ParksStruct.swift */; };
/* End PBXBuildFile section */

/* Begin PBXFileReference section */
		0B343D981D6B7F9300099779 /* abbreviations.swift */ = {isa = PBXFileReference; fileEncoding = 4; lastKnownFileType = sourcecode.swift; path = abbreviations.swift; sourceTree = "<group>"; };
		0B343D9A1D6B7FFA00099779 /* ParksList.swift */ = {isa = PBXFileReference; fileEncoding = 4; lastKnownFileType = sourcecode.swift; path = ParksList.swift; sourceTree = "<group>"; };
		0B343D9C1D6B803500099779 /* Aaron.swift */ = {isa = PBXFileReference; fileEncoding = 4; lastKnownFileType = sourcecode.swift; path = Aaron.swift; sourceTree = "<group>"; };
		0B343D9E1D6B80DB00099779 /* Algonquin.swift */ = {isa = PBXFileReference; fileEncoding = 4; lastKnownFileType = sourcecode.swift; path = Algonquin.swift; sourceTree = "<group>"; };
		0B343DA01D6B80EE00099779 /* Arrowhead.swift */ = {isa = PBXFileReference; fileEncoding = 4; lastKnownFileType = sourcecode.swift; path = Arrowhead.swift; sourceTree = "<group>"; };
		0B343DA21D6B81D100099779 /* Awenda.swift */ = {isa = PBXFileReference; fileEncoding = 4; lastKnownFileType = sourcecode.swift; path = Awenda.swift; sourceTree = "<group>"; };
		0B343DA41D6B821600099779 /* Balsam.swift */ = {isa = PBXFileReference; fileEncoding = 4; lastKnownFileType = sourcecode.swift; path = Balsam.swift; sourceTree = "<group>"; };
		0B343DA61D6B828700099779 /* Bass.swift */ = {isa = PBXFileReference; fileEncoding = 4; lastKnownFileType = sourcecode.swift; path = Bass.swift; sourceTree = "<group>"; };
		0B343DA81D6B82B500099779 /* Batchawana.swift */ = {isa = PBXFileReference; fileEncoding = 4; lastKnownFileType = sourcecode.swift; path = Batchawana.swift; sourceTree = "<group>"; };
		0B343DAA1D6B82CA00099779 /* Biscotasi.swift */ = {isa = PBXFileReference; fileEncoding = 4; lastKnownFileType = sourcecode.swift; path = Biscotasi.swift; sourceTree = "<group>"; };
		0B343DAC1D6B82FD00099779 /* Blue.swift */ = {isa = PBXFileReference; fileEncoding = 4; lastKnownFileType = sourcecode.swift; path = Blue.swift; sourceTree = "<group>"; };
		0B343DAE1D6B832800099779 /* BonEcho.swift */ = {isa = PBXFileReference; fileEncoding = 4; lastKnownFileType = sourcecode.swift; path = BonEcho.swift; sourceTree = "<group>"; };
		0B343DB01D6B929600099779 /* Bonnechere.swift */ = {isa = PBXFileReference; fileEncoding = 4; lastKnownFileType = sourcecode.swift; path = Bonnechere.swift; sourceTree = "<group>"; };
		0B343DB21D6B92B800099779 /* BronteCreek.swift */ = {isa = PBXFileReference; fileEncoding = 4; lastKnownFileType = sourcecode.swift; path = BronteCreek.swift; sourceTree = "<group>"; };
		0B343DB41D6B92CB00099779 /* Caliper.swift */ = {isa = PBXFileReference; fileEncoding = 4; lastKnownFileType = sourcecode.swift; path = Caliper.swift; sourceTree = "<group>"; };
		0B343DB61D6B92DB00099779 /* Charleston.swift */ = {isa = PBXFileReference; fileEncoding = 4; lastKnownFileType = sourcecode.swift; path = Charleston.swift; sourceTree = "<group>"; };
		0B343DB81D6B930900099779 /* Chutes.swift */ = {isa = PBXFileReference; fileEncoding = 4; lastKnownFileType = sourcecode.swift; path = Chutes.swift; sourceTree = "<group>"; };
		0B343DBA1D6B931900099779 /* Craigleith.swift */ = {isa = PBXFileReference; fileEncoding = 4; lastKnownFileType = sourcecode.swift; path = Craigleith.swift; sourceTree = "<group>"; };
		0B343DBC1D6B933200099779 /* Darlington.swift */ = {isa = PBXFileReference; fileEncoding = 4; lastKnownFileType = sourcecode.swift; path = Darlington.swift; sourceTree = "<group>"; };
		0B343DBE1D6B934400099779 /* Driftwood.swift */ = {isa = PBXFileReference; fileEncoding = 4; lastKnownFileType = sourcecode.swift; path = Driftwood.swift; sourceTree = "<group>"; };
		0B343DC01D6B935400099779 /* EarlRowe.swift */ = {isa = PBXFileReference; fileEncoding = 4; lastKnownFileType = sourcecode.swift; path = EarlRowe.swift; sourceTree = "<group>"; };
		0B343DC21D6B937100099779 /* Emily.swift */ = {isa = PBXFileReference; fileEncoding = 4; lastKnownFileType = sourcecode.swift; path = Emily.swift; sourceTree = "<group>"; };
		0B343DC41D6B938000099779 /* Esker.swift */ = {isa = PBXFileReference; fileEncoding = 4; lastKnownFileType = sourcecode.swift; path = Esker.swift; sourceTree = "<group>"; };
		0B343DC61D6B93AE00099779 /* Fairbank.swift */ = {isa = PBXFileReference; fileEncoding = 4; lastKnownFileType = sourcecode.swift; path = Fairbank.swift; sourceTree = "<group>"; };
		0B343DC81D6B93C200099779 /* Ferris.swift */ = {isa = PBXFileReference; fileEncoding = 4; lastKnownFileType = sourcecode.swift; path = Ferris.swift; sourceTree = "<group>"; };
		0B343DCA1D6B93D000099779 /* Finlayson.swift */ = {isa = PBXFileReference; fileEncoding = 4; lastKnownFileType = sourcecode.swift; path = Finlayson.swift; sourceTree = "<group>"; };
		0B343DCC1D6B93DD00099779 /* Fitzroy.swift */ = {isa = PBXFileReference; fileEncoding = 4; lastKnownFileType = sourcecode.swift; path = Fitzroy.swift; sourceTree = "<group>"; };
		0B343DCE1D6B940600099779 /* Forks.swift */ = {isa = PBXFileReference; fileEncoding = 4; lastKnownFileType = sourcecode.swift; path = Forks.swift; sourceTree = "<group>"; };
		0B343DD01D6B941300099779 /* French.swift */ = {isa = PBXFileReference; fileEncoding = 4; lastKnownFileType = sourcecode.swift; path = French.swift; sourceTree = "<group>"; };
		0B343DD21D6B942400099779 /* Frontenac.swift */ = {isa = PBXFileReference; fileEncoding = 4; lastKnownFileType = sourcecode.swift; path = Frontenac.swift; sourceTree = "<group>"; };
		0B343DD41D6B943B00099779 /* Fushimi.swift */ = {isa = PBXFileReference; fileEncoding = 4; lastKnownFileType = sourcecode.swift; path = Fushimi.swift; sourceTree = "<group>"; };
		0B343DD61D6B944C00099779 /* Grundy.swift */ = {isa = PBXFileReference; fileEncoding = 4; lastKnownFileType = sourcecode.swift; path = Grundy.swift; sourceTree = "<group>"; };
		0B343DD81D6B945C00099779 /* Halfway.swift */ = {isa = PBXFileReference; fileEncoding = 4; lastKnownFileType = sourcecode.swift; path = Halfway.swift; sourceTree = "<group>"; };
		0B343DDA1D6B947100099779 /* Inverhuron.swift */ = {isa = PBXFileReference; fileEncoding = 4; lastKnownFileType = sourcecode.swift; path = Inverhuron.swift; sourceTree = "<group>"; };
		0B343DDC1D6B947F00099779 /* Inavhoe.swift */ = {isa = PBXFileReference; fileEncoding = 4; lastKnownFileType = sourcecode.swift; path = Inavhoe.swift; sourceTree = "<group>"; };
		0B343DDE1D6B949100099779 /* John.swift */ = {isa = PBXFileReference; fileEncoding = 4; lastKnownFileType = sourcecode.swift; path = John.swift; sourceTree = "<group>"; };
		0B343DE01D6B94BC00099779 /* Kakabeka.swift */ = {isa = PBXFileReference; fileEncoding = 4; lastKnownFileType = sourcecode.swift; path = Kakabeka.swift; sourceTree = "<group>"; };
		0B343DE21D6B94CB00099779 /* KapKigIwan.swift */ = {isa = PBXFileReference; fileEncoding = 4; lastKnownFileType = sourcecode.swift; path = KapKigIwan.swift; sourceTree = "<group>"; };
		0B343DE41D6B94E000099779 /* Kawartha.swift */ = {isa = PBXFileReference; fileEncoding = 4; lastKnownFileType = sourcecode.swift; path = Kawartha.swift; sourceTree = "<group>"; };
		0B343DE61D6B94F000099779 /* Kettle.swift */ = {isa = PBXFileReference; fileEncoding = 4; lastKnownFileType = sourcecode.swift; path = Kettle.swift; sourceTree = "<group>"; };
		0B343DE81D6B94FD00099779 /* Killarney.swift */ = {isa = PBXFileReference; fileEncoding = 4; lastKnownFileType = sourcecode.swift; path = Killarney.swift; sourceTree = "<group>"; };
		0B343DEA1D6B951E00099779 /* Killbear.swift */ = {isa = PBXFileReference; fileEncoding = 4; lastKnownFileType = sourcecode.swift; path = Killbear.swift; sourceTree = "<group>"; };
		0B343DEC1D6B952E00099779 /* Komoka.swift */ = {isa = PBXFileReference; fileEncoding = 4; lastKnownFileType = sourcecode.swift; path = Komoka.swift; sourceTree = "<group>"; };
		0B343DEE1D6B953900099779 /* Lady.swift */ = {isa = PBXFileReference; fileEncoding = 4; lastKnownFileType = sourcecode.swift; path = Lady.swift; sourceTree = "<group>"; };
		0B343DF01D6B954900099779 /* Mountain.swift */ = {isa = PBXFileReference; fileEncoding = 4; lastKnownFileType = sourcecode.swift; path = Mountain.swift; sourceTree = "<group>"; };
		0B343DF21D6B955600099779 /* Peter.swift */ = {isa = PBXFileReference; fileEncoding = 4; lastKnownFileType = sourcecode.swift; path = Peter.swift; sourceTree = "<group>"; };
		0B343DF41D6B956600099779 /* Superior.swift */ = {isa = PBXFileReference; fileEncoding = 4; lastKnownFileType = sourcecode.swift; path = Superior.swift; sourceTree = "<group>"; };
		0B343DF61D6B957A00099779 /* Long.swift */ = {isa = PBXFileReference; fileEncoding = 4; lastKnownFileType = sourcecode.swift; path = Long.swift; sourceTree = "<group>"; };
		0B343DF81D6B958800099779 /* MacGregor.swift */ = {isa = PBXFileReference; fileEncoding = 4; lastKnownFileType = sourcecode.swift; path = MacGregor.swift; sourceTree = "<group>"; };
		0B343DFA1D6B959900099779 /* MacLeod.swift */ = {isa = PBXFileReference; fileEncoding = 4; lastKnownFileType = sourcecode.swift; path = MacLeod.swift; sourceTree = "<group>"; };
		0B343DFC1D6B95A800099779 /* Makobe.swift */ = {isa = PBXFileReference; fileEncoding = 4; lastKnownFileType = sourcecode.swift; path = Makobe.swift; sourceTree = "<group>"; };
		0B343DFE1D6B95B600099779 /* Mara.swift */ = {isa = PBXFileReference; fileEncoding = 4; lastKnownFileType = sourcecode.swift; path = Mara.swift; sourceTree = "<group>"; };
		0B343E001D6B95C600099779 /* Mark.swift */ = {isa = PBXFileReference; fileEncoding = 4; lastKnownFileType = sourcecode.swift; path = Mark.swift; sourceTree = "<group>"; };
		0B343E021D6B95D600099779 /* Marten.swift */ = {isa = PBXFileReference; fileEncoding = 4; lastKnownFileType = sourcecode.swift; path = Marten.swift; sourceTree = "<group>"; };
		0B343E041D6B95E300099779 /* McRae.swift */ = {isa = PBXFileReference; fileEncoding = 4; lastKnownFileType = sourcecode.swift; path = McRae.swift; sourceTree = "<group>"; };
		0B343E061D6B95F100099779 /* Mikisew.swift */ = {isa = PBXFileReference; fileEncoding = 4; lastKnownFileType = sourcecode.swift; path = Mikisew.swift; sourceTree = "<group>"; };
		0B343E081D6B95FD00099779 /* Misery.swift */ = {isa = PBXFileReference; fileEncoding = 4; lastKnownFileType = sourcecode.swift; path = Misery.swift; sourceTree = "<group>"; };
		0B343E0A1D6B961000099779 /* Missinaibi.swift */ = {isa = PBXFileReference; fileEncoding = 4; lastKnownFileType = sourcecode.swift; path = Missinaibi.swift; sourceTree = "<group>"; };
		0B343E0C1D6B962100099779 /* Mississagi.swift */ = {isa = PBXFileReference; fileEncoding = 4; lastKnownFileType = sourcecode.swift; path = Mississagi.swift; sourceTree = "<group>"; };
		0B343E0E1D6B962C00099779 /* Mono.swift */ = {isa = PBXFileReference; fileEncoding = 4; lastKnownFileType = sourcecode.swift; path = Mono.swift; sourceTree = "<group>"; };
		0B343E101D6B963A00099779 /* Murphy.swift */ = {isa = PBXFileReference; fileEncoding = 4; lastKnownFileType = sourcecode.swift; path = Murphy.swift; sourceTree = "<group>"; };
		0B343E121D6B964B00099779 /* Nagamisis.swift */ = {isa = PBXFileReference; fileEncoding = 4; lastKnownFileType = sourcecode.swift; path = Nagamisis.swift; sourceTree = "<group>"; };
		0B343E141D6B966500099779 /* Neys.swift */ = {isa = PBXFileReference; fileEncoding = 4; lastKnownFileType = sourcecode.swift; path = Neys.swift; sourceTree = "<group>"; };
		0B343E161D6B967100099779 /* North.swift */ = {isa = PBXFileReference; fileEncoding = 4; lastKnownFileType = sourcecode.swift; path = North.swift; sourceTree = "<group>"; };
		0B343E181D6B968000099779 /* Oastler.swift */ = {isa = PBXFileReference; fileEncoding = 4; lastKnownFileType = sourcecode.swift; path = Oastler.swift; sourceTree = "<group>"; };
		0B343E1A1D6B968D00099779 /* Obabika.swift */ = {isa = PBXFileReference; fileEncoding = 4; lastKnownFileType = sourcecode.swift; path = Obabika.swift; sourceTree = "<group>"; };
		0B343E1C1D6B969A00099779 /* Ojibway.swift */ = {isa = PBXFileReference; fileEncoding = 4; lastKnownFileType = sourcecode.swift; path = Ojibway.swift; sourceTree = "<group>"; };
		0B343E1E1D6B96A900099779 /* Ouimet.swift */ = {isa = PBXFileReference; fileEncoding = 4; lastKnownFileType = sourcecode.swift; path = Ouimet.swift; sourceTree = "<group>"; };
		0B343E201D6B96B700099779 /* Oxtongue.swift */ = {isa = PBXFileReference; fileEncoding = 4; lastKnownFileType = sourcecode.swift; path = Oxtongue.swift; sourceTree = "<group>"; };
		0B343E221D6B96C800099779 /* Pakwash.swift */ = {isa = PBXFileReference; fileEncoding = 4; lastKnownFileType = sourcecode.swift; path = Pakwash.swift; sourceTree = "<group>"; };
		0B343E241D6B96D600099779 /* Pancake.swift */ = {isa = PBXFileReference; fileEncoding = 4; lastKnownFileType = sourcecode.swift; path = Pancake.swift; sourceTree = "<group>"; };
		0B343E261D6B96E700099779 /* Petroglyphs.swift */ = {isa = PBXFileReference; fileEncoding = 4; lastKnownFileType = sourcecode.swift; path = Petroglyphs.swift; sourceTree = "<group>"; };
		0B343E281D6B96FD00099779 /* Pigeon.swift */ = {isa = PBXFileReference; fileEncoding = 4; lastKnownFileType = sourcecode.swift; path = Pigeon.swift; sourceTree = "<group>"; };
		0B343E2A1D6B970C00099779 /* Point.swift */ = {isa = PBXFileReference; fileEncoding = 4; lastKnownFileType = sourcecode.swift; path = Point.swift; sourceTree = "<group>"; };
		0B343E2C1D6B971800099779 /* Bruce.swift */ = {isa = PBXFileReference; fileEncoding = 4; lastKnownFileType = sourcecode.swift; path = Bruce.swift; sourceTree = "<group>"; };
		0B343E2E1D6B972800099779 /* Burwell.swift */ = {isa = PBXFileReference; fileEncoding = 4; lastKnownFileType = sourcecode.swift; path = Burwell.swift; sourceTree = "<group>"; };
		0B343E301D6B973600099779 /* Potholes.swift */ = {isa = PBXFileReference; fileEncoding = 4; lastKnownFileType = sourcecode.swift; path = Potholes.swift; sourceTree = "<group>"; };
		0B343E321D6B974400099779 /* Presqu.swift */ = {isa = PBXFileReference; fileEncoding = 4; lastKnownFileType = sourcecode.swift; path = Presqu.swift; sourceTree = "<group>"; };
		0B343E341D6B975300099779 /* Quetico.swift */ = {isa = PBXFileReference; fileEncoding = 4; lastKnownFileType = sourcecode.swift; path = Quetico.swift; sourceTree = "<group>"; };
		0B343E361D6B976300099779 /* Rainbow.swift */ = {isa = PBXFileReference; fileEncoding = 4; lastKnownFileType = sourcecode.swift; path = Rainbow.swift; sourceTree = "<group>"; };
		0B343E381D6B977100099779 /* Rene.swift */ = {isa = PBXFileReference; fileEncoding = 4; lastKnownFileType = sourcecode.swift; path = Rene.swift; sourceTree = "<group>"; };
		0B343E3A1D6B977F00099779 /* Restoule.swift */ = {isa = PBXFileReference; fileEncoding = 4; lastKnownFileType = sourcecode.swift; path = Restoule.swift; sourceTree = "<group>"; };
		0B343E3C1D6B978F00099779 /* Rideau.swift */ = {isa = PBXFileReference; fileEncoding = 4; lastKnownFileType = sourcecode.swift; path = Rideau.swift; sourceTree = "<group>"; };
		0B343E3E1D6B979C00099779 /* Rock.swift */ = {isa = PBXFileReference; fileEncoding = 4; lastKnownFileType = sourcecode.swift; path = Rock.swift; sourceTree = "<group>"; };
		0B343E401D6B97A900099779 /* Rondeau.swift */ = {isa = PBXFileReference; fileEncoding = 4; lastKnownFileType = sourcecode.swift; path = Rondeau.swift; sourceTree = "<group>"; };
		0B343E421D6B97B700099779 /* Rushing.swift */ = {isa = PBXFileReference; fileEncoding = 4; lastKnownFileType = sourcecode.swift; path = Rushing.swift; sourceTree = "<group>"; };
		0B343E441D6B97C700099779 /* Samuel.swift */ = {isa = PBXFileReference; fileEncoding = 4; lastKnownFileType = sourcecode.swift; path = Samuel.swift; sourceTree = "<group>"; };
		0B343E461D6B97D900099779 /* Sandbanks.swift */ = {isa = PBXFileReference; fileEncoding = 4; lastKnownFileType = sourcecode.swift; path = Sandbanks.swift; sourceTree = "<group>"; };
		0B343E481D6B97E500099779 /* Sandbar.swift */ = {isa = PBXFileReference; fileEncoding = 4; lastKnownFileType = sourcecode.swift; path = Sandbar.swift; sourceTree = "<group>"; };
		0B343E4A1D6B97EF00099779 /* Sauble.swift */ = {isa = PBXFileReference; fileEncoding = 4; lastKnownFileType = sourcecode.swift; path = Sauble.swift; sourceTree = "<group>"; };
		0B343E4C1D6B97FE00099779 /* Selkirk.swift */ = {isa = PBXFileReference; fileEncoding = 4; lastKnownFileType = sourcecode.swift; path = Selkirk.swift; sourceTree = "<group>"; };
		0B343E4E1D6B980A00099779 /* Sharbot.swift */ = {isa = PBXFileReference; fileEncoding = 4; lastKnownFileType = sourcecode.swift; path = Sharbot.swift; sourceTree = "<group>"; };
		0B343E501D6B981700099779 /* Sibbald.swift */ = {isa = PBXFileReference; fileEncoding = 4; lastKnownFileType = sourcecode.swift; path = Sibbald.swift; sourceTree = "<group>"; };
		0B343E521D6B982500099779 /* Silent.swift */ = {isa = PBXFileReference; fileEncoding = 4; lastKnownFileType = sourcecode.swift; path = Silent.swift; sourceTree = "<group>"; };
		0B343E541D6B983200099779 /* Silver.swift */ = {isa = PBXFileReference; fileEncoding = 4; lastKnownFileType = sourcecode.swift; path = Silver.swift; sourceTree = "<group>"; };
		0B343E561D6B984000099779 /* Sioux.swift */ = {isa = PBXFileReference; fileEncoding = 4; lastKnownFileType = sourcecode.swift; path = Sioux.swift; sourceTree = "<group>"; };
		0B343E581D6B984E00099779 /* Six.swift */ = {isa = PBXFileReference; fileEncoding = 4; lastKnownFileType = sourcecode.swift; path = Six.swift; sourceTree = "<group>"; };
		0B343E5A1D6B985A00099779 /* Sleeping.swift */ = {isa = PBXFileReference; fileEncoding = 4; lastKnownFileType = sourcecode.swift; path = Sleeping.swift; sourceTree = "<group>"; };
		0B343E5C1D6B986800099779 /* Solace.swift */ = {isa = PBXFileReference; fileEncoding = 4; lastKnownFileType = sourcecode.swift; path = Solace.swift; sourceTree = "<group>"; };
		0B343E5E1D6B987600099779 /* Spanish.swift */ = {isa = PBXFileReference; fileEncoding = 4; lastKnownFileType = sourcecode.swift; path = Spanish.swift; sourceTree = "<group>"; };
		0B343E601D6B988300099779 /* Springwater.swift */ = {isa = PBXFileReference; fileEncoding = 4; lastKnownFileType = sourcecode.swift; path = Springwater.swift; sourceTree = "<group>"; };
		0B343E621D6B989300099779 /* SturgeonBay.swift */ = {isa = PBXFileReference; fileEncoding = 4; lastKnownFileType = sourcecode.swift; path = SturgeonBay.swift; sourceTree = "<group>"; };
		0B343E641D6B989F00099779 /* SturgeonRiver.swift */ = {isa = PBXFileReference; fileEncoding = 4; lastKnownFileType = sourcecode.swift; path = SturgeonRiver.swift; sourceTree = "<group>"; };
		0B343E661D6B98AE00099779 /* Massasauga.swift */ = {isa = PBXFileReference; fileEncoding = 4; lastKnownFileType = sourcecode.swift; path = Massasauga.swift; sourceTree = "<group>"; };
		0B343E681D6B98E100099779 /* Pinery.swift */ = {isa = PBXFileReference; fileEncoding = 4; lastKnownFileType = sourcecode.swift; path = Pinery.swift; sourceTree = "<group>"; };
		0B343E6A1D6B98EF00099779 /* Tidewater.swift */ = {isa = PBXFileReference; fileEncoding = 4; lastKnownFileType = sourcecode.swift; path = Tidewater.swift; sourceTree = "<group>"; };
		0B343E6C1D6B98FB00099779 /* Turkey.swift */ = {isa = PBXFileReference; fileEncoding = 4; lastKnownFileType = sourcecode.swift; path = Turkey.swift; sourceTree = "<group>"; };
		0B343E6E1D6B990900099779 /* Voyageur.swift */ = {isa = PBXFileReference; fileEncoding = 4; lastKnownFileType = sourcecode.swift; path = Voyageur.swift; sourceTree = "<group>"; };
		0B343E701D6B991800099779 /* Wabakimi.swift */ = {isa = PBXFileReference; fileEncoding = 4; lastKnownFileType = sourcecode.swift; path = Wabakimi.swift; sourceTree = "<group>"; };
		0B343E721D6B993200099779 /* Wakami.swift */ = {isa = PBXFileReference; fileEncoding = 4; lastKnownFileType = sourcecode.swift; path = Wakami.swift; sourceTree = "<group>"; };
		0B343E741D6B993E00099779 /* Wasaga.swift */ = {isa = PBXFileReference; fileEncoding = 4; lastKnownFileType = sourcecode.swift; path = Wasaga.swift; sourceTree = "<group>"; };
		0B343E761D6B994A00099779 /* Wheatley.swift */ = {isa = PBXFileReference; fileEncoding = 4; lastKnownFileType = sourcecode.swift; path = Wheatley.swift; sourceTree = "<group>"; };
		0B343E781D6B995600099779 /* White.swift */ = {isa = PBXFileReference; fileEncoding = 4; lastKnownFileType = sourcecode.swift; path = White.swift; sourceTree = "<group>"; };
		0B343E7A1D6B996300099779 /* Windy.swift */ = {isa = PBXFileReference; fileEncoding = 4; lastKnownFileType = sourcecode.swift; path = Windy.swift; sourceTree = "<group>"; };
		0B343E7C1D6B996F00099779 /* Woodland.swift */ = {isa = PBXFileReference; fileEncoding = 4; lastKnownFileType = sourcecode.swift; path = Woodland.swift; sourceTree = "<group>"; };
		0B6709381D6A953700058AFC /* DescriptionTableViewCell.swift */ = {isa = PBXFileReference; fileEncoding = 4; lastKnownFileType = sourcecode.swift; path = DescriptionTableViewCell.swift; sourceTree = "<group>"; };
		0B980FEF1D63E652007E534E /* ParksOfOntario.app */ = {isa = PBXFileReference; explicitFileType = wrapper.application; includeInIndex = 0; path = ParksOfOntario.app; sourceTree = BUILT_PRODUCTS_DIR; };
		0B980FF21D63E652007E534E /* AppDelegate.swift */ = {isa = PBXFileReference; lastKnownFileType = sourcecode.swift; path = AppDelegate.swift; sourceTree = "<group>"; };
		0B980FF41D63E652007E534E /* ViewController.swift */ = {isa = PBXFileReference; lastKnownFileType = sourcecode.swift; path = ViewController.swift; sourceTree = "<group>"; };
		0B980FF71D63E652007E534E /* Base */ = {isa = PBXFileReference; lastKnownFileType = file.storyboard; name = Base; path = Base.lproj/Main.storyboard; sourceTree = "<group>"; };
		0B980FF91D63E652007E534E /* Assets.xcassets */ = {isa = PBXFileReference; lastKnownFileType = folder.assetcatalog; path = Assets.xcassets; sourceTree = "<group>"; };
		0B980FFC1D63E652007E534E /* Base */ = {isa = PBXFileReference; lastKnownFileType = file.storyboard; name = Base; path = Base.lproj/LaunchScreen.storyboard; sourceTree = "<group>"; };
		0B980FFE1D63E652007E534E /* Info.plist */ = {isa = PBXFileReference; lastKnownFileType = text.plist.xml; path = Info.plist; sourceTree = "<group>"; };
		0B9810041D64AA89007E534E /* DescriptionVC.swift */ = {isa = PBXFileReference; fileEncoding = 4; lastKnownFileType = sourcecode.swift; path = DescriptionVC.swift; sourceTree = "<group>"; };
		0B9810061D64C6DC007E534E /* SelectParkVC.swift */ = {isa = PBXFileReference; fileEncoding = 4; lastKnownFileType = sourcecode.swift; name = SelectParkVC.swift; path = ../SelectParkVC.swift; sourceTree = "<group>"; };
		0B98100B1D64C911007E534E /* FindOutMoreButton.swift */ = {isa = PBXFileReference; fileEncoding = 4; lastKnownFileType = sourcecode.swift; path = FindOutMoreButton.swift; sourceTree = "<group>"; };
		0BCC949B1D6563FA009541B0 /* AboutScreenVC.swift */ = {isa = PBXFileReference; fileEncoding = 4; lastKnownFileType = sourcecode.swift; path = AboutScreenVC.swift; sourceTree = "<group>"; };
		0BF5F61A1D65412A001C23F2 /* ParksStruct.swift */ = {isa = PBXFileReference; fileEncoding = 4; lastKnownFileType = sourcecode.swift; path = ParksStruct.swift; sourceTree = "<group>"; };
/* End PBXFileReference section */

/* Begin PBXFrameworksBuildPhase section */
		0B980FEC1D63E652007E534E /* Frameworks */ = {
			isa = PBXFrameworksBuildPhase;
			buildActionMask = 2147483647;
			files = (
			);
			runOnlyForDeploymentPostprocessing = 0;
		};
/* End PBXFrameworksBuildPhase section */

/* Begin PBXGroup section */
		0B343D971D6B7F5C00099779 /* Parks */ = {
			isa = PBXGroup;
			children = (
				0B343D9A1D6B7FFA00099779 /* ParksList.swift */,
				0B343D981D6B7F9300099779 /* abbreviations.swift */,
				0B343D9C1D6B803500099779 /* Aaron.swift */,
				0B343D9E1D6B80DB00099779 /* Algonquin.swift */,
				0B343DA01D6B80EE00099779 /* Arrowhead.swift */,
				0B343DA21D6B81D100099779 /* Awenda.swift */,
				0B343DA41D6B821600099779 /* Balsam.swift */,
				0B343DA61D6B828700099779 /* Bass.swift */,
				0B343DA81D6B82B500099779 /* Batchawana.swift */,
				0B343DAA1D6B82CA00099779 /* Biscotasi.swift */,
				0B343DAC1D6B82FD00099779 /* Blue.swift */,
				0B343DAE1D6B832800099779 /* BonEcho.swift */,
				0B343DB01D6B929600099779 /* Bonnechere.swift */,
				0B343DB21D6B92B800099779 /* BronteCreek.swift */,
				0B343DB41D6B92CB00099779 /* Caliper.swift */,
				0B343DB61D6B92DB00099779 /* Charleston.swift */,
				0B343DB81D6B930900099779 /* Chutes.swift */,
				0B343DBA1D6B931900099779 /* Craigleith.swift */,
				0B343DBC1D6B933200099779 /* Darlington.swift */,
				0B343DBE1D6B934400099779 /* Driftwood.swift */,
				0B343DC01D6B935400099779 /* EarlRowe.swift */,
				0B343DC21D6B937100099779 /* Emily.swift */,
				0B343DC41D6B938000099779 /* Esker.swift */,
				0B343DC61D6B93AE00099779 /* Fairbank.swift */,
				0B343DC81D6B93C200099779 /* Ferris.swift */,
				0B343DCA1D6B93D000099779 /* Finlayson.swift */,
				0B343DCC1D6B93DD00099779 /* Fitzroy.swift */,
				0B343DCE1D6B940600099779 /* Forks.swift */,
				0B343DD01D6B941300099779 /* French.swift */,
				0B343DD21D6B942400099779 /* Frontenac.swift */,
				0B343DD41D6B943B00099779 /* Fushimi.swift */,
				0B343DD61D6B944C00099779 /* Grundy.swift */,
				0B343DD81D6B945C00099779 /* Halfway.swift */,
				0B343DDA1D6B947100099779 /* Inverhuron.swift */,
				0B343DDC1D6B947F00099779 /* Inavhoe.swift */,
				0B343DDE1D6B949100099779 /* John.swift */,
				0B343DE01D6B94BC00099779 /* Kakabeka.swift */,
				0B343DE21D6B94CB00099779 /* KapKigIwan.swift */,
				0B343DE41D6B94E000099779 /* Kawartha.swift */,
				0B343DE61D6B94F000099779 /* Kettle.swift */,
				0B343DE81D6B94FD00099779 /* Killarney.swift */,
				0B343DEA1D6B951E00099779 /* Killbear.swift */,
				0B343DEC1D6B952E00099779 /* Komoka.swift */,
				0B343DEE1D6B953900099779 /* Lady.swift */,
				0B343DF01D6B954900099779 /* Mountain.swift */,
				0B343DF21D6B955600099779 /* Peter.swift */,
				0B343DF41D6B956600099779 /* Superior.swift */,
				0B343DF61D6B957A00099779 /* Long.swift */,
				0B343DF81D6B958800099779 /* MacGregor.swift */,
				0B343DFA1D6B959900099779 /* MacLeod.swift */,
				0B343DFC1D6B95A800099779 /* Makobe.swift */,
				0B343DFE1D6B95B600099779 /* Mara.swift */,
				0B343E001D6B95C600099779 /* Mark.swift */,
				0B343E021D6B95D600099779 /* Marten.swift */,
				0B343E041D6B95E300099779 /* McRae.swift */,
				0B343E061D6B95F100099779 /* Mikisew.swift */,
				0B343E081D6B95FD00099779 /* Misery.swift */,
				0B343E0A1D6B961000099779 /* Missinaibi.swift */,
				0B343E0C1D6B962100099779 /* Mississagi.swift */,
				0B343E0E1D6B962C00099779 /* Mono.swift */,
				0B343E101D6B963A00099779 /* Murphy.swift */,
				0B343E121D6B964B00099779 /* Nagamisis.swift */,
				0B343E141D6B966500099779 /* Neys.swift */,
				0B343E161D6B967100099779 /* North.swift */,
				0B343E181D6B968000099779 /* Oastler.swift */,
				0B343E1A1D6B968D00099779 /* Obabika.swift */,
				0B343E1C1D6B969A00099779 /* Ojibway.swift */,
				0B343E1E1D6B96A900099779 /* Ouimet.swift */,
				0B343E201D6B96B700099779 /* Oxtongue.swift */,
				0B343E221D6B96C800099779 /* Pakwash.swift */,
				0B343E241D6B96D600099779 /* Pancake.swift */,
				0B343E261D6B96E700099779 /* Petroglyphs.swift */,
				0B343E281D6B96FD00099779 /* Pigeon.swift */,
				0B343E2A1D6B970C00099779 /* Point.swift */,
				0B343E2C1D6B971800099779 /* Bruce.swift */,
				0B343E2E1D6B972800099779 /* Burwell.swift */,
				0B343E301D6B973600099779 /* Potholes.swift */,
				0B343E321D6B974400099779 /* Presqu.swift */,
				0B343E341D6B975300099779 /* Quetico.swift */,
				0B343E361D6B976300099779 /* Rainbow.swift */,
				0B343E381D6B977100099779 /* Rene.swift */,
				0B343E3A1D6B977F00099779 /* Restoule.swift */,
				0B343E3C1D6B978F00099779 /* Rideau.swift */,
				0B343E3E1D6B979C00099779 /* Rock.swift */,
				0B343E401D6B97A900099779 /* Rondeau.swift */,
				0B343E421D6B97B700099779 /* Rushing.swift */,
				0B343E441D6B97C700099779 /* Samuel.swift */,
				0B343E461D6B97D900099779 /* Sandbanks.swift */,
				0B343E481D6B97E500099779 /* Sandbar.swift */,
				0B343E4A1D6B97EF00099779 /* Sauble.swift */,
				0B343E4C1D6B97FE00099779 /* Selkirk.swift */,
				0B343E4E1D6B980A00099779 /* Sharbot.swift */,
				0B343E501D6B981700099779 /* Sibbald.swift */,
				0B343E521D6B982500099779 /* Silent.swift */,
				0B343E541D6B983200099779 /* Silver.swift */,
				0B343E561D6B984000099779 /* Sioux.swift */,
				0B343E581D6B984E00099779 /* Six.swift */,
				0B343E5A1D6B985A00099779 /* Sleeping.swift */,
				0B343E5C1D6B986800099779 /* Solace.swift */,
				0B343E5E1D6B987600099779 /* Spanish.swift */,
				0B343E601D6B988300099779 /* Springwater.swift */,
				0B343E621D6B989300099779 /* SturgeonBay.swift */,
				0B343E641D6B989F00099779 /* SturgeonRiver.swift */,
				0B343E661D6B98AE00099779 /* Massasauga.swift */,
				0B343E681D6B98E100099779 /* Pinery.swift */,
				0B343E6A1D6B98EF00099779 /* Tidewater.swift */,
				0B343E6C1D6B98FB00099779 /* Turkey.swift */,
				0B343E6E1D6B990900099779 /* Voyageur.swift */,
				0B343E701D6B991800099779 /* Wabakimi.swift */,
				0B343E721D6B993200099779 /* Wakami.swift */,
				0B343E741D6B993E00099779 /* Wasaga.swift */,
				0B343E761D6B994A00099779 /* Wheatley.swift */,
				0B343E781D6B995600099779 /* White.swift */,
				0B343E7A1D6B996300099779 /* Windy.swift */,
				0B343E7C1D6B996F00099779 /* Woodland.swift */,
			);
			name = Parks;
			sourceTree = "<group>";
		};
		0B980FE61D63E652007E534E = {
			isa = PBXGroup;
			children = (
				0B980FF11D63E652007E534E /* favourite-places */,
				0B980FF01D63E652007E534E /* Products */,
			);
			sourceTree = "<group>";
		};
		0B980FF01D63E652007E534E /* Products */ = {
			isa = PBXGroup;
			children = (
				0B980FEF1D63E652007E534E /* ParksOfOntario.app */,
			);
			name = Products;
			sourceTree = "<group>";
		};
		0B980FF11D63E652007E534E /* favourite-places */ = {
			isa = PBXGroup;
			children = (
				0B98100A1D64C6F8007E534E /* Controller */,
				0B9810091D64C6F3007E534E /* View */,
				0B9810081D64C6E8007E534E /* Model */,
				0B980FF21D63E652007E534E /* AppDelegate.swift */,
				0B980FF91D63E652007E534E /* Assets.xcassets */,
				0B980FFB1D63E652007E534E /* LaunchScreen.storyboard */,
				0B980FFE1D63E652007E534E /* Info.plist */,
			);
			path = "favourite-places";
			sourceTree = "<group>";
		};
		0B9810081D64C6E8007E534E /* Model */ = {
			isa = PBXGroup;
			children = (
				0B343D971D6B7F5C00099779 /* Parks */,
				0B6709381D6A953700058AFC /* DescriptionTableViewCell.swift */,
				0BF5F61A1D65412A001C23F2 /* ParksStruct.swift */,
				0B98100B1D64C911007E534E /* FindOutMoreButton.swift */,
			);
			name = Model;
			sourceTree = "<group>";
		};
		0B9810091D64C6F3007E534E /* View */ = {
			isa = PBXGroup;
			children = (
				0B980FF61D63E652007E534E /* Main.storyboard */,
			);
			name = View;
			sourceTree = "<group>";
		};
		0B98100A1D64C6F8007E534E /* Controller */ = {
			isa = PBXGroup;
			children = (
				0B9810061D64C6DC007E534E /* SelectParkVC.swift */,
				0B980FF41D63E652007E534E /* ViewController.swift */,
				0B9810041D64AA89007E534E /* DescriptionVC.swift */,
				0BCC949B1D6563FA009541B0 /* AboutScreenVC.swift */,
			);
			name = Controller;
			sourceTree = "<group>";
		};
/* End PBXGroup section */

/* Begin PBXNativeTarget section */
		0B980FEE1D63E652007E534E /* ParksOfOntario */ = {
			isa = PBXNativeTarget;
			buildConfigurationList = 0B9810011D63E652007E534E /* Build configuration list for PBXNativeTarget "ParksOfOntario" */;
			buildPhases = (
				0B980FEB1D63E652007E534E /* Sources */,
				0B980FEC1D63E652007E534E /* Frameworks */,
				0B980FED1D63E652007E534E /* Resources */,
			);
			buildRules = (
			);
			dependencies = (
			);
			name = ParksOfOntario;
			productName = "favourite-places";
			productReference = 0B980FEF1D63E652007E534E /* ParksOfOntario.app */;
			productType = "com.apple.product-type.application";
		};
/* End PBXNativeTarget section */

/* Begin PBXProject section */
		0B980FE71D63E652007E534E /* Project object */ = {
			isa = PBXProject;
			attributes = {
				LastSwiftUpdateCheck = 0730;
				LastUpgradeCheck = 0730;
				ORGANIZATIONNAME = "ACME Labs";
				TargetAttributes = {
					0B980FEE1D63E652007E534E = {
						CreatedOnToolsVersion = 7.3;
					};
				};
			};
			buildConfigurationList = 0B980FEA1D63E652007E534E /* Build configuration list for PBXProject "ParksOfOntario" */;
			compatibilityVersion = "Xcode 3.2";
			developmentRegion = English;
			hasScannedForEncodings = 0;
			knownRegions = (
				en,
				Base,
			);
			mainGroup = 0B980FE61D63E652007E534E;
			productRefGroup = 0B980FF01D63E652007E534E /* Products */;
			projectDirPath = "";
			projectRoot = "";
			targets = (
				0B980FEE1D63E652007E534E /* ParksOfOntario */,
			);
		};
/* End PBXProject section */

/* Begin PBXResourcesBuildPhase section */
		0B980FED1D63E652007E534E /* Resources */ = {
			isa = PBXResourcesBuildPhase;
			buildActionMask = 2147483647;
			files = (
				0B980FFD1D63E652007E534E /* LaunchScreen.storyboard in Resources */,
				0B980FFA1D63E652007E534E /* Assets.xcassets in Resources */,
				0B980FF81D63E652007E534E /* Main.storyboard in Resources */,
			);
			runOnlyForDeploymentPostprocessing = 0;
		};
/* End PBXResourcesBuildPhase section */

/* Begin PBXSourcesBuildPhase section */
		0B980FEB1D63E652007E534E /* Sources */ = {
			isa = PBXSourcesBuildPhase;
			buildActionMask = 2147483647;
			files = (
				0B343E2F1D6B972800099779 /* Burwell.swift in Sources */,
				0B343DEB1D6B951E00099779 /* Killbear.swift in Sources */,
				0B343DC51D6B938000099779 /* Esker.swift in Sources */,
				0B343DFD1D6B95A800099779 /* Makobe.swift in Sources */,
				0B343DB51D6B92CB00099779 /* Caliper.swift in Sources */,
				0B343DE71D6B94F000099779 /* Kettle.swift in Sources */,
				0B343DC91D6B93C200099779 /* Ferris.swift in Sources */,
				0B343DF31D6B955600099779 /* Peter.swift in Sources */,
				0B343DA31D6B81D100099779 /* Awenda.swift in Sources */,
				0B9810071D64C6DC007E534E /* SelectParkVC.swift in Sources */,
				0B343E691D6B98E100099779 /* Pinery.swift in Sources */,
				0B343E231D6B96C800099779 /* Pakwash.swift in Sources */,
				0B343DBF1D6B934400099779 /* Driftwood.swift in Sources */,
				0B343E1B1D6B968D00099779 /* Obabika.swift in Sources */,
				0B343E711D6B991800099779 /* Wabakimi.swift in Sources */,
				0B343DB91D6B930900099779 /* Chutes.swift in Sources */,
				0B343E0D1D6B962100099779 /* Mississagi.swift in Sources */,
				0B343E151D6B966500099779 /* Neys.swift in Sources */,
				0B98100C1D64C911007E534E /* FindOutMoreButton.swift in Sources */,
				0B343E5B1D6B985A00099779 /* Sleeping.swift in Sources */,
				0B343E0F1D6B962C00099779 /* Mono.swift in Sources */,
				0B343E3B1D6B977F00099779 /* Restoule.swift in Sources */,
				0B343D9B1D6B7FFA00099779 /* ParksList.swift in Sources */,
				0B343E2B1D6B970C00099779 /* Point.swift in Sources */,
				0B343E131D6B964B00099779 /* Nagamisis.swift in Sources */,
				0B343DD71D6B944C00099779 /* Grundy.swift in Sources */,
				0B343D9D1D6B803500099779 /* Aaron.swift in Sources */,
				0BCC949C1D6563FA009541B0 /* AboutScreenVC.swift in Sources */,
				0BF5F61B1D65412A001C23F2 /* ParksStruct.swift in Sources */,
				0B343DCB1D6B93D000099779 /* Finlayson.swift in Sources */,
				0B343DD51D6B943B00099779 /* Fushimi.swift in Sources */,
				0B343E411D6B97A900099779 /* Rondeau.swift in Sources */,
				0B343DED1D6B952E00099779 /* Komoka.swift in Sources */,
				0B343DC71D6B93AE00099779 /* Fairbank.swift in Sources */,
				0B343DA51D6B821600099779 /* Balsam.swift in Sources */,
				0B343E751D6B993E00099779 /* Wasaga.swift in Sources */,
				0B343DD31D6B942400099779 /* Frontenac.swift in Sources */,
				0B343DDB1D6B947100099779 /* Inverhuron.swift in Sources */,
				0B343E471D6B97D900099779 /* Sandbanks.swift in Sources */,
				0B343E531D6B982500099779 /* Silent.swift in Sources */,
				0B343E491D6B97E500099779 /* Sandbar.swift in Sources */,
				0B980FF51D63E652007E534E /* ViewController.swift in Sources */,
				0B343DC11D6B935400099779 /* EarlRowe.swift in Sources */,
				0B343E031D6B95D600099779 /* Marten.swift in Sources */,
				0B343E011D6B95C600099779 /* Mark.swift in Sources */,
				0B343E7D1D6B996F00099779 /* Woodland.swift in Sources */,
				0B343DC31D6B937100099779 /* Emily.swift in Sources */,
				0B343DA91D6B82B500099779 /* Batchawana.swift in Sources */,
				0B343DE31D6B94CB00099779 /* KapKigIwan.swift in Sources */,
				0B343E271D6B96E700099779 /* Petroglyphs.swift in Sources */,
				0B343DA71D6B828700099779 /* Bass.swift in Sources */,
				0B343E3F1D6B979C00099779 /* Rock.swift in Sources */,
				0B343DF11D6B954900099779 /* Mountain.swift in Sources */,
				0B9810051D64AA89007E534E /* DescriptionVC.swift in Sources */,
				0B343E5D1D6B986800099779 /* Solace.swift in Sources */,
				0B343E571D6B984000099779 /* Sioux.swift in Sources */,
				0B343DB71D6B92DB00099779 /* Charleston.swift in Sources */,
				0B343E4B1D6B97EF00099779 /* Sauble.swift in Sources */,
				0B343E6F1D6B990900099779 /* Voyageur.swift in Sources */,
				0B343DDD1D6B947F00099779 /* Inavhoe.swift in Sources */,
				0B343D9F1D6B80DB00099779 /* Algonquin.swift in Sources */,
				0B343DF51D6B956600099779 /* Superior.swift in Sources */,
				0B343E291D6B96FD00099779 /* Pigeon.swift in Sources */,
				0B343DE11D6B94BC00099779 /* Kakabeka.swift in Sources */,
				0B343E6B1D6B98EF00099779 /* Tidewater.swift in Sources */,
				0B343DFF1D6B95B600099779 /* Mara.swift in Sources */,
				0B343E351D6B975300099779 /* Quetico.swift in Sources */,
				0B343DA11D6B80EE00099779 /* Arrowhead.swift in Sources */,
				0B343E3D1D6B978F00099779 /* Rideau.swift in Sources */,
				0B343DAB1D6B82CA00099779 /* Biscotasi.swift in Sources */,
				0B343DAF1D6B832800099779 /* BonEcho.swift in Sources */,
				0B343E4D1D6B97FE00099779 /* Selkirk.swift in Sources */,
				0B343E591D6B984E00099779 /* Six.swift in Sources */,
				0B343E771D6B994A00099779 /* Wheatley.swift in Sources */,
				0B343DB11D6B929600099779 /* Bonnechere.swift in Sources */,
				0B343E511D6B981700099779 /* Sibbald.swift in Sources */,
				0B343E111D6B963A00099779 /* Murphy.swift in Sources */,
				0B343DF71D6B957A00099779 /* Long.swift in Sources */,
				0B343DFB1D6B959900099779 /* MacLeod.swift in Sources */,
				0B343E551D6B983200099779 /* Silver.swift in Sources */,
				0B343E051D6B95E300099779 /* McRae.swift in Sources */,
				0B343DF91D6B958800099779 /* MacGregor.swift in Sources */,
				0B980FF31D63E652007E534E /* AppDelegate.swift in Sources */,
				0B343E731D6B993200099779 /* Wakami.swift in Sources */,
				0B343DBD1D6B933200099779 /* Darlington.swift in Sources */,
				0B343E651D6B989F00099779 /* SturgeonRiver.swift in Sources */,
				0B343DB31D6B92B800099779 /* BronteCreek.swift in Sources */,
				0B343E1D1D6B969A00099779 /* Ojibway.swift in Sources */,
				0B343E311D6B973600099779 /* Potholes.swift in Sources */,
				0B343E5F1D6B987600099779 /* Spanish.swift in Sources */,
				0B6709391D6A953700058AFC /* DescriptionTableViewCell.swift in Sources */,
				0B343DE91D6B94FD00099779 /* Killarney.swift in Sources */,
				0B343E4F1D6B980A00099779 /* Sharbot.swift in Sources */,
				0B343E671D6B98AE00099779 /* Massasauga.swift in Sources */,
				0B343DD91D6B945C00099779 /* Halfway.swift in Sources */,
				0B343E331D6B974400099779 /* Presqu.swift in Sources */,
				0B343DAD1D6B82FD00099779 /* Blue.swift in Sources */,
				0B343E191D6B968000099779 /* Oastler.swift in Sources */,
				0B343E611D6B988300099779 /* Springwater.swift in Sources */,
				0B343E431D6B97B700099779 /* Rushing.swift in Sources */,
				0B343E371D6B976300099779 /* Rainbow.swift in Sources */,
				0B343E631D6B989300099779 /* SturgeonBay.swift in Sources */,
				0B343E451D6B97C700099779 /* Samuel.swift in Sources */,
				0B343E391D6B977100099779 /* Rene.swift in Sources */,
				0B343E6D1D6B98FB00099779 /* Turkey.swift in Sources */,
				0B343DBB1D6B931900099779 /* Craigleith.swift in Sources */,
				0B343DCF1D6B940600099779 /* Forks.swift in Sources */,
				0B343E1F1D6B96A900099779 /* Ouimet.swift in Sources */,
				0B343E091D6B95FD00099779 /* Misery.swift in Sources */,
				0B343E7B1D6B996300099779 /* Windy.swift in Sources */,
				0B343DDF1D6B949100099779 /* John.swift in Sources */,
				0B343DEF1D6B953900099779 /* Lady.swift in Sources */,
				0B343DE51D6B94E000099779 /* Kawartha.swift in Sources */,
				0B343DD11D6B941300099779 /* French.swift in Sources */,
				0B343D991D6B7F9300099779 /* abbreviations.swift in Sources */,
				0B343DCD1D6B93DD00099779 /* Fitzroy.swift in Sources */,
				0B343E791D6B995600099779 /* White.swift in Sources */,
				0B343E251D6B96D600099779 /* Pancake.swift in Sources */,
				0B343E0B1D6B961000099779 /* Missinaibi.swift in Sources */,
				0B343E171D6B967100099779 /* North.swift in Sources */,
				0B343E211D6B96B700099779 /* Oxtongue.swift in Sources */,
				0B343E071D6B95F100099779 /* Mikisew.swift in Sources */,
				0B343E2D1D6B971800099779 /* Bruce.swift in Sources */,
			);
			runOnlyForDeploymentPostprocessing = 0;
		};
/* End PBXSourcesBuildPhase section */

/* Begin PBXVariantGroup section */
		0B980FF61D63E652007E534E /* Main.storyboard */ = {
			isa = PBXVariantGroup;
			children = (
				0B980FF71D63E652007E534E /* Base */,
			);
			name = Main.storyboard;
			sourceTree = "<group>";
		};
		0B980FFB1D63E652007E534E /* LaunchScreen.storyboard */ = {
			isa = PBXVariantGroup;
			children = (
				0B980FFC1D63E652007E534E /* Base */,
			);
			name = LaunchScreen.storyboard;
			sourceTree = "<group>";
		};
/* End PBXVariantGroup section */

/* Begin XCBuildConfiguration section */
		0B980FFF1D63E652007E534E /* Debug */ = {
			isa = XCBuildConfiguration;
			buildSettings = {
				ALWAYS_SEARCH_USER_PATHS = NO;
				CLANG_ANALYZER_NONNULL = YES;
				CLANG_CXX_LANGUAGE_STANDARD = "gnu++0x";
				CLANG_CXX_LIBRARY = "libc++";
				CLANG_ENABLE_MODULES = YES;
				CLANG_ENABLE_OBJC_ARC = YES;
				CLANG_WARN_BOOL_CONVERSION = YES;
				CLANG_WARN_CONSTANT_CONVERSION = YES;
				CLANG_WARN_DIRECT_OBJC_ISA_USAGE = YES_ERROR;
				CLANG_WARN_EMPTY_BODY = YES;
				CLANG_WARN_ENUM_CONVERSION = YES;
				CLANG_WARN_INT_CONVERSION = YES;
				CLANG_WARN_OBJC_ROOT_CLASS = YES_ERROR;
				CLANG_WARN_UNREACHABLE_CODE = YES;
				CLANG_WARN__DUPLICATE_METHOD_MATCH = YES;
				"CODE_SIGN_IDENTITY[sdk=iphoneos*]" = "iPhone Developer";
				COPY_PHASE_STRIP = NO;
				DEBUG_INFORMATION_FORMAT = dwarf;
				ENABLE_STRICT_OBJC_MSGSEND = YES;
				ENABLE_TESTABILITY = YES;
				GCC_C_LANGUAGE_STANDARD = gnu99;
				GCC_DYNAMIC_NO_PIC = NO;
				GCC_NO_COMMON_BLOCKS = YES;
				GCC_OPTIMIZATION_LEVEL = 0;
				GCC_PREPROCESSOR_DEFINITIONS = (
					"DEBUG=1",
					"$(inherited)",
				);
				GCC_WARN_64_TO_32_BIT_CONVERSION = YES;
				GCC_WARN_ABOUT_RETURN_TYPE = YES_ERROR;
				GCC_WARN_UNDECLARED_SELECTOR = YES;
				GCC_WARN_UNINITIALIZED_AUTOS = YES_AGGRESSIVE;
				GCC_WARN_UNUSED_FUNCTION = YES;
				GCC_WARN_UNUSED_VARIABLE = YES;
				IPHONEOS_DEPLOYMENT_TARGET = 9.3;
				MTL_ENABLE_DEBUG_INFO = YES;
				ONLY_ACTIVE_ARCH = YES;
				SDKROOT = iphoneos;
				SWIFT_OPTIMIZATION_LEVEL = "-Onone";
				TARGETED_DEVICE_FAMILY = "1,2";
			};
			name = Debug;
		};
		0B9810001D63E652007E534E /* Release */ = {
			isa = XCBuildConfiguration;
			buildSettings = {
				ALWAYS_SEARCH_USER_PATHS = NO;
				CLANG_ANALYZER_NONNULL = YES;
				CLANG_CXX_LANGUAGE_STANDARD = "gnu++0x";
				CLANG_CXX_LIBRARY = "libc++";
				CLANG_ENABLE_MODULES = YES;
				CLANG_ENABLE_OBJC_ARC = YES;
				CLANG_WARN_BOOL_CONVERSION = YES;
				CLANG_WARN_CONSTANT_CONVERSION = YES;
				CLANG_WARN_DIRECT_OBJC_ISA_USAGE = YES_ERROR;
				CLANG_WARN_EMPTY_BODY = YES;
				CLANG_WARN_ENUM_CONVERSION = YES;
				CLANG_WARN_INT_CONVERSION = YES;
				CLANG_WARN_OBJC_ROOT_CLASS = YES_ERROR;
				CLANG_WARN_UNREACHABLE_CODE = YES;
				CLANG_WARN__DUPLICATE_METHOD_MATCH = YES;
				"CODE_SIGN_IDENTITY[sdk=iphoneos*]" = "iPhone Developer";
				COPY_PHASE_STRIP = NO;
				DEBUG_INFORMATION_FORMAT = "dwarf-with-dsym";
				ENABLE_NS_ASSERTIONS = NO;
				ENABLE_STRICT_OBJC_MSGSEND = YES;
				GCC_C_LANGUAGE_STANDARD = gnu99;
				GCC_NO_COMMON_BLOCKS = YES;
				GCC_WARN_64_TO_32_BIT_CONVERSION = YES;
				GCC_WARN_ABOUT_RETURN_TYPE = YES_ERROR;
				GCC_WARN_UNDECLARED_SELECTOR = YES;
				GCC_WARN_UNINITIALIZED_AUTOS = YES_AGGRESSIVE;
				GCC_WARN_UNUSED_FUNCTION = YES;
				GCC_WARN_UNUSED_VARIABLE = YES;
				IPHONEOS_DEPLOYMENT_TARGET = 9.3;
				MTL_ENABLE_DEBUG_INFO = NO;
				SDKROOT = iphoneos;
				TARGETED_DEVICE_FAMILY = "1,2";
				VALIDATE_PRODUCT = YES;
			};
			name = Release;
		};
		0B9810021D63E652007E534E /* Debug */ = {
			isa = XCBuildConfiguration;
			buildSettings = {
				ASSETCATALOG_COMPILER_APPICON_NAME = AppIcon;
				INFOPLIST_FILE = "favourite-places/Info.plist";
				LD_RUNPATH_SEARCH_PATHS = "$(inherited) @executable_path/Frameworks";
				PRODUCT_BUNDLE_IDENTIFIER = "com.acmelabs.favourite-places";
				PRODUCT_NAME = ParksOfOntario;
				TARGETED_DEVICE_FAMILY = 1;
			};
			name = Debug;
		};
		0B9810031D63E652007E534E /* Release */ = {
			isa = XCBuildConfiguration;
			buildSettings = {
				ASSETCATALOG_COMPILER_APPICON_NAME = AppIcon;
				INFOPLIST_FILE = "favourite-places/Info.plist";
				LD_RUNPATH_SEARCH_PATHS = "$(inherited) @executable_path/Frameworks";
				PRODUCT_BUNDLE_IDENTIFIER = "com.acmelabs.favourite-places";
				PRODUCT_NAME = ParksOfOntario;
				TARGETED_DEVICE_FAMILY = 1;
			};
			name = Release;
		};
/* End XCBuildConfiguration section */

/* Begin XCConfigurationList section */
		0B980FEA1D63E652007E534E /* Build configuration list for PBXProject "ParksOfOntario" */ = {
			isa = XCConfigurationList;
			buildConfigurations = (
				0B980FFF1D63E652007E534E /* Debug */,
				0B9810001D63E652007E534E /* Release */,
			);
			defaultConfigurationIsVisible = 0;
			defaultConfigurationName = Release;
		};
		0B9810011D63E652007E534E /* Build configuration list for PBXNativeTarget "ParksOfOntario" */ = {
			isa = XCConfigurationList;
			buildConfigurations = (
				0B9810021D63E652007E534E /* Debug */,
				0B9810031D63E652007E534E /* Release */,
			);
			defaultConfigurationIsVisible = 0;
			defaultConfigurationName = Release;
		};
/* End XCConfigurationList section */
	};
	rootObject = 0B980FE71D63E652007E534E /* Project object */;
}
